
Microsoft Visual Studio Solution File, Format Version 12.00
# Visual Studio 2012
Project("{2150E333-8FDC-42A3-9474-1A3956D46DE8}") = "Objective 2.1 - Create types", "Objective 2.1 - Create types", "{87AA63D3-45AB-4FCA-ACD3-C2966D6EE0B5}"
EndProject
Project("{FAE04EC0-301F-11D3-BF4B-00C04F79EFBC}") = "Example2.1", "Objective2.1\Example2.1\Example2.1.csproj", "{7635BA4F-29EB-4552-8DEC-3B0D1D0BA9E1}"
EndProject
Project("{FAE04EC0-301F-11D3-BF4B-00C04F79EFBC}") = "Example2.2", "Objective2.1\Example2.2\Example2.2.csproj", "{716E3426-B179-489A-846E-69DDD6494AD9}"
EndProject
Project("{FAE04EC0-301F-11D3-BF4B-00C04F79EFBC}") = "Example2.3", "Objective2.1\Example2.3\Example2.3.csproj", "{692DEEB3-98AA-4420-9D87-A68B36EC761B}"
EndProject
Project("{FAE04EC0-301F-11D3-BF4B-00C04F79EFBC}") = "Example2.4", "Objective2.1\Example2.4\Example2.4.csproj", "{39A8BE9E-F273-4098-8464-F82DCCC88303}"
EndProject
Project("{FAE04EC0-301F-11D3-BF4B-00C04F79EFBC}") = "Example2.5", "Objective2.1\Example2.5\Example2.5.csproj", "{80223F2D-B81C-42F5-BFDB-45AFF2CEC0AC}"
EndProject
Project("{FAE04EC0-301F-11D3-BF4B-00C04F79EFBC}") = "Example2.6", "Objective2.1\Example2.6\Example2.6.csproj", "{27E8D4EE-670B-4C63-B9D1-5EFD629A9008}"
EndProject
Project("{FAE04EC0-301F-11D3-BF4B-00C04F79EFBC}") = "Example2.7", "Objective2.1\Example2.7\Example2.7.csproj", "{F1A4836D-8974-499D-8994-127E72B50045}"
EndProject
Project("{FAE04EC0-301F-11D3-BF4B-00C04F79EFBC}") = "Example2.8", "Objective2.1\Example2.8\Example2.8.csproj", "{C459C6B8-1B72-4DDA-A61C-301D5CE3DAFC}"
EndProject
Project("{FAE04EC0-301F-11D3-BF4B-00C04F79EFBC}") = "Example2.9", "Objective2.1\Example2.9\Example2.9.csproj", "{4D489471-3EBF-498F-88CB-4E158D770C9A}"
EndProject
Project("{FAE04EC0-301F-11D3-BF4B-00C04F79EFBC}") = "Example2.10", "Objective2.1\Example2.10\Example2.10.csproj", "{246AB273-6876-495C-9B79-891217D4D813}"
EndProject
Project("{FAE04EC0-301F-11D3-BF4B-00C04F79EFBC}") = "Example2.11", "Objective2.1\Example2.11\Example2.11.csproj", "{EA3E7B61-D5FE-430A-B98D-87F80AA4DEFE}"
EndProject
Project("{FAE04EC0-301F-11D3-BF4B-00C04F79EFBC}") = "Example2.12", "Objective2.1\Example2.12\Example2.12.csproj", "{CD02B52A-FADC-4B87-93A3-2CC747F57D29}"
EndProject
Project("{FAE04EC0-301F-11D3-BF4B-00C04F79EFBC}") = "Example2.13", "Objective2.1\Example2.13\Example2.13.csproj", "{5C1BDDAC-3CD8-4478-8066-E933AE4B051C}"
EndProject
Project("{FAE04EC0-301F-11D3-BF4B-00C04F79EFBC}") = "Example2.14", "Objective2.1\Example2.14\Example2.14.csproj", "{2907F909-58DC-4B16-8A60-1DEC8880A672}"
EndProject
Project("{FAE04EC0-301F-11D3-BF4B-00C04F79EFBC}") = "Example2.15", "Objective2.1\Example2.15\Example2.15.csproj", "{461F4890-4FCF-45F2-902F-F5A1BC144CAB}"
EndProject
Project("{FAE04EC0-301F-11D3-BF4B-00C04F79EFBC}") = "Example2.16", "Objective2.1\Example2.16\Example2.16.csproj", "{22805CA1-8C14-4417-A30D-90C5BBB65368}"
EndProject
Project("{FAE04EC0-301F-11D3-BF4B-00C04F79EFBC}") = "Example2.17", "Objective2.1\Example2.17\Example2.17.csproj", "{E33ED990-0E49-49D9-8221-3517A304C972}"
EndProject
Project("{FAE04EC0-301F-11D3-BF4B-00C04F79EFBC}") = "Example2.18", "Objective2.1\Example2.18\Example2.18.csproj", "{6DF64911-61F3-4B3D-A73C-F5919705D7B6}"
EndProject
Project("{FAE04EC0-301F-11D3-BF4B-00C04F79EFBC}") = "Example2.19", "Objective2.1\Example2.19\Example2.19.csproj", "{BAAFE31B-3197-4A9F-9001-3C28EBE80D09}"
EndProject
Project("{2150E333-8FDC-42A3-9474-1A3956D46DE8}") = "Examples 01-09", "Examples 01-09", "{3F3AD8A9-CA42-4D10-9F50-CEAA9A94F670}"
EndProject
Project("{2150E333-8FDC-42A3-9474-1A3956D46DE8}") = "Examples 10-19", "Examples 10-19", "{9810DB85-FBB2-44A9-9CFB-BED883745AD7}"
EndProject
Project("{2150E333-8FDC-42A3-9474-1A3956D46DE8}") = "Examples 20-29", "Examples 20-29", "{AE4D77A1-D699-4C33-AF63-EC03B986F6E2}"
EndProject
Project("{FAE04EC0-301F-11D3-BF4B-00C04F79EFBC}") = "Example2.20", "Objective2.1\Example2.20\Example2.20.csproj", "{473679D8-3DF4-4D7C-A569-F3A960037175}"
EndProject
Project("{FAE04EC0-301F-11D3-BF4B-00C04F79EFBC}") = "Example2.21", "Objective2.1\Example2.21\Example2.21.csproj", "{959EC975-4CCD-4834-AFC3-BFF741B399FF}"
EndProject
Project("{FAE04EC0-301F-11D3-BF4B-00C04F79EFBC}") = "Example2.22", "Objective2.1\Example2.22\Example2.22.csproj", "{BB91368B-CDBA-4183-9460-07374C918EF0}"
EndProject
Project("{FAE04EC0-301F-11D3-BF4B-00C04F79EFBC}") = "Example2.23", "Objective2.1\Example2.23\Example2.23.csproj", "{F2F6F90F-1FFA-447F-AB85-9A2F5E9FBE83}"
EndProject
Project("{FAE04EC0-301F-11D3-BF4B-00C04F79EFBC}") = "Example2.24_2.25", "Objective2.1\Example2.24_2.25\Example2.24_2.25.csproj", "{6490B6BF-3FE5-4F35-8FEB-4C7E998E6976}"
EndProject
Project("{FAE04EC0-301F-11D3-BF4B-00C04F79EFBC}") = "Example2.26", "Objective2.1\Example2.26\Example2.26.csproj", "{AE06CA10-7F98-4426-888F-2F96AE85A616}"
EndProject
Project("{FAE04EC0-301F-11D3-BF4B-00C04F79EFBC}") = "Example2.27", "Objective2.1\Example2.27\Example2.27.csproj", "{07919E67-3617-48A0-BD87-EE388162A58B}"
EndProject
Project("{FAE04EC0-301F-11D3-BF4B-00C04F79EFBC}") = "Example2.28", "Objective2.1\Example2.28\Example2.28.csproj", "{446525C8-EB03-4B27-A2BA-22A48AF99C50}"
EndProject
Project("{FAE04EC0-301F-11D3-BF4B-00C04F79EFBC}") = "Example2.29", "Objective2.1\Example2.29\Example2.29.csproj", "{5CF316A6-AC3A-47C0-B97F-AB85F15F9F54}"
EndProject
Project("{2150E333-8FDC-42A3-9474-1A3956D46DE8}") = "Examples 30-39", "Examples 30-39", "{812AFC21-7799-4EDA-847B-0ED8BBFB27D6}"
	ProjectSection(SolutionItems) = preProject
		Objective2.1\Example2.30.txt = Objective2.1\Example2.30.txt
	EndProjectSection
EndProject
Project("{FAE04EC0-301F-11D3-BF4B-00C04F79EFBC}") = "Example2.31", "Objective2.1\Example2.31\Example2.31.csproj", "{96B876FC-C164-4FCF-9C35-752C8DBDAFAB}"
EndProject
Project("{FAE04EC0-301F-11D3-BF4B-00C04F79EFBC}") = "Example2.32", "Objective2.1\Example2.32\Example2.32.csproj", "{791A2E54-7876-4804-B2DC-EC6DBD70A86C}"
EndProject
Project("{FAE04EC0-301F-11D3-BF4B-00C04F79EFBC}") = "Example2.33", "Objective2.1\Example2.33\Example2.33.csproj", "{30DD989C-910F-4E9D-9FF6-620147B020C4}"
EndProject
Project("{FAE04EC0-301F-11D3-BF4B-00C04F79EFBC}") = "Example2.34", "Objective2.1\Example2.34\Example2.34.csproj", "{AEA6F825-FA23-4965-B56C-776911A44AA1}"
EndProject
Project("{FAE04EC0-301F-11D3-BF4B-00C04F79EFBC}") = "Example2.35", "Objective2.1\Example2.35\Example2.35.csproj", "{B34BC7F5-7214-4308-A9AF-BC5A978023E1}"
EndProject
Project("{FAE04EC0-301F-11D3-BF4B-00C04F79EFBC}") = "Example2.36", "Objective2.1\Example2.36\Example2.36.csproj", "{E16D05E1-A39D-4233-809C-826CFE124290}"
EndProject
Project("{FAE04EC0-301F-11D3-BF4B-00C04F79EFBC}") = "Example2.37", "Objective2.1\Example2.37\Example2.37.csproj", "{9B577311-868B-40D4-B779-AF69990E84A9}"
EndProject
Project("{FAE04EC0-301F-11D3-BF4B-00C04F79EFBC}") = "Example2.38", "Objective2.1\Example2.38\Example2.38.csproj", "{DDFFD303-3990-4CED-8BB9-C93B0D683D06}"
EndProject
Project("{2150E333-8FDC-42A3-9474-1A3956D46DE8}") = "Examples 40-49", "Examples 40-49", "{B8C194E6-B528-49F9-A7CB-15F67442EAEC}"
EndProject
Project("{FAE04EC0-301F-11D3-BF4B-00C04F79EFBC}") = "Example2.40", "Objective2.1\Example2.40\Example2.40.csproj", "{55ABE229-542E-4F54-92FD-4F22EF34F9BE}"
EndProject
Project("{FAE04EC0-301F-11D3-BF4B-00C04F79EFBC}") = "Example2.39", "Objective2.1\Example2.39\Example2.39.csproj", "{2C8FDB5B-355A-4130-9EAE-848F148EE4DB}"
EndProject
Project("{FAE04EC0-301F-11D3-BF4B-00C04F79EFBC}") = "Example2.41", "Objective2.1\Example2.41\Example2.41.csproj", "{B64BC538-12D1-46B7-BE88-631C0E4CD387}"
EndProject
Project("{FAE04EC0-301F-11D3-BF4B-00C04F79EFBC}") = "Example2.42", "Objective2.1\Example2.42\Example2.42.csproj", "{C1EEF485-D47C-42A0-8497-44A9238EF099}"
EndProject
Project("{FAE04EC0-301F-11D3-BF4B-00C04F79EFBC}") = "Example2.43", "Objective2.1\Example2.43\Example2.43.csproj", "{798D344D-1422-47F6-BA32-23519E05A042}"
EndProject
Project("{FAE04EC0-301F-11D3-BF4B-00C04F79EFBC}") = "Example2.44", "Objective2.1\Example2.44\Example2.44.csproj", "{11F81F24-3747-4E37-8098-798755305BFB}"
EndProject
Project("{FAE04EC0-301F-11D3-BF4B-00C04F79EFBC}") = "Example2.45", "Objective2.1\Example2.45\Example2.45.csproj", "{3CB5BD0B-B0DC-4F51-A9D5-20C1CF66B410}"
EndProject
Project("{FAE04EC0-301F-11D3-BF4B-00C04F79EFBC}") = "Example2.46", "Objective2.1\Example2.46\Example2.46.csproj", "{38084C94-AE92-4DED-A974-3A820F54FBA5}"
EndProject
Project("{FAE04EC0-301F-11D3-BF4B-00C04F79EFBC}") = "Example2.47", "Objective2.1\Example2.47\Example2.47.csproj", "{8B13E31A-26E9-4088-A2BE-77B683480296}"
EndProject
Project("{FAE04EC0-301F-11D3-BF4B-00C04F79EFBC}") = "Example2.48", "Objective2.1\Example2.48\Example2.48.csproj", "{74CA2724-F242-4662-AEAB-EFFC32EC2C18}"
EndProject
Project("{FAE04EC0-301F-11D3-BF4B-00C04F79EFBC}") = "Example2.49", "Objective2.1\Example2.49\Example2.49.csproj", "{AE5CEAE6-F891-4E87-9F4F-154CFD9E1907}"
EndProject
Project("{2150E333-8FDC-42A3-9474-1A3956D46DE8}") = "Examples 50-59", "Examples 50-59", "{EA57D559-94B6-49A4-93EA-D2C586A0A92A}"
EndProject
Project("{FAE04EC0-301F-11D3-BF4B-00C04F79EFBC}") = "Example2.50", "Objective2.1\Example2.50\Example2.50.csproj", "{55D1A5E1-50CB-42AD-85F7-5CC810EF1222}"
EndProject
Project("{FAE04EC0-301F-11D3-BF4B-00C04F79EFBC}") = "Example2.54", "Objective2.1\Example2.54\Example2.54.csproj", "{44B1DACC-3D47-4B2B-B6C1-AED9395741BA}"
EndProject
Project("{FAE04EC0-301F-11D3-BF4B-00C04F79EFBC}") = "Example2.56", "Objective2.1\Example2.56\Example2.56.csproj", "{9EBA9C1B-1CA0-4750-A5C9-A99205ECAA03}"
EndProject
Project("{FAE04EC0-301F-11D3-BF4B-00C04F79EFBC}") = "Example2.58", "Objective2.1\Example2.58\Example2.58.csproj", "{CB7653E1-A290-409A-AB82-82B056303F40}"
EndProject
Project("{2150E333-8FDC-42A3-9474-1A3956D46DE8}") = "Examples 60-69", "Examples 60-69", "{BEEF8C4A-2655-4908-9D1D-25F442231744}"
EndProject
Project("{FAE04EC0-301F-11D3-BF4B-00C04F79EFBC}") = "Example2.64", "Objective2.1\Example2.64\Example2.64.csproj", "{68E204FB-4B53-469D-851B-2FBF08041AE4}"
EndProject
Project("{FAE04EC0-301F-11D3-BF4B-00C04F79EFBC}") = "Example2.66", "Objective2.1\Example2.66\Example2.66.csproj", "{DC414A74-E412-4C5B-A9FC-E9A707A74FC6}"
EndProject
Project("{FAE04EC0-301F-11D3-BF4B-00C04F79EFBC}") = "Example2.69", "Objective2.1\Example2.69\Example2.69.csproj", "{611D7ABC-1009-44A5-8DEB-711CD847D146}"
EndProject
Project("{FAE04EC0-301F-11D3-BF4B-00C04F79EFBC}") = "Example2.72", "Objective2.1\Example2.72\Example2.72.csproj", "{CE2129FC-8B90-4652-94F7-E2BBBA524CE0}"
EndProject
Project("{2150E333-8FDC-42A3-9474-1A3956D46DE8}") = "Examples 70-79", "Examples 70-79", "{F9BFFD0C-3E46-42D6-8F1A-EED97F9143CA}"
EndProject
Project("{FAE04EC0-301F-11D3-BF4B-00C04F79EFBC}") = "Example2.73", "Objective2.1\Example2.73\Example2.73.csproj", "{5BF118C8-177C-4696-AFBF-B466A07F758D}"
EndProject
Global
	GlobalSection(SolutionConfigurationPlatforms) = preSolution
		Debug|Any CPU = Debug|Any CPU
		Release|Any CPU = Release|Any CPU
	EndGlobalSection
	GlobalSection(ProjectConfigurationPlatforms) = postSolution
		{7635BA4F-29EB-4552-8DEC-3B0D1D0BA9E1}.Debug|Any CPU.ActiveCfg = Debug|Any CPU
		{7635BA4F-29EB-4552-8DEC-3B0D1D0BA9E1}.Debug|Any CPU.Build.0 = Debug|Any CPU
		{7635BA4F-29EB-4552-8DEC-3B0D1D0BA9E1}.Release|Any CPU.ActiveCfg = Release|Any CPU
		{7635BA4F-29EB-4552-8DEC-3B0D1D0BA9E1}.Release|Any CPU.Build.0 = Release|Any CPU
		{716E3426-B179-489A-846E-69DDD6494AD9}.Debug|Any CPU.ActiveCfg = Debug|Any CPU
		{716E3426-B179-489A-846E-69DDD6494AD9}.Debug|Any CPU.Build.0 = Debug|Any CPU
		{716E3426-B179-489A-846E-69DDD6494AD9}.Release|Any CPU.ActiveCfg = Release|Any CPU
		{716E3426-B179-489A-846E-69DDD6494AD9}.Release|Any CPU.Build.0 = Release|Any CPU
		{692DEEB3-98AA-4420-9D87-A68B36EC761B}.Debug|Any CPU.ActiveCfg = Debug|Any CPU
		{692DEEB3-98AA-4420-9D87-A68B36EC761B}.Debug|Any CPU.Build.0 = Debug|Any CPU
		{692DEEB3-98AA-4420-9D87-A68B36EC761B}.Release|Any CPU.ActiveCfg = Release|Any CPU
		{692DEEB3-98AA-4420-9D87-A68B36EC761B}.Release|Any CPU.Build.0 = Release|Any CPU
		{39A8BE9E-F273-4098-8464-F82DCCC88303}.Debug|Any CPU.ActiveCfg = Debug|Any CPU
		{39A8BE9E-F273-4098-8464-F82DCCC88303}.Debug|Any CPU.Build.0 = Debug|Any CPU
		{39A8BE9E-F273-4098-8464-F82DCCC88303}.Release|Any CPU.ActiveCfg = Release|Any CPU
		{39A8BE9E-F273-4098-8464-F82DCCC88303}.Release|Any CPU.Build.0 = Release|Any CPU
		{80223F2D-B81C-42F5-BFDB-45AFF2CEC0AC}.Debug|Any CPU.ActiveCfg = Debug|Any CPU
		{80223F2D-B81C-42F5-BFDB-45AFF2CEC0AC}.Debug|Any CPU.Build.0 = Debug|Any CPU
		{80223F2D-B81C-42F5-BFDB-45AFF2CEC0AC}.Release|Any CPU.ActiveCfg = Release|Any CPU
		{80223F2D-B81C-42F5-BFDB-45AFF2CEC0AC}.Release|Any CPU.Build.0 = Release|Any CPU
		{27E8D4EE-670B-4C63-B9D1-5EFD629A9008}.Debug|Any CPU.ActiveCfg = Debug|Any CPU
		{27E8D4EE-670B-4C63-B9D1-5EFD629A9008}.Debug|Any CPU.Build.0 = Debug|Any CPU
		{27E8D4EE-670B-4C63-B9D1-5EFD629A9008}.Release|Any CPU.ActiveCfg = Release|Any CPU
		{27E8D4EE-670B-4C63-B9D1-5EFD629A9008}.Release|Any CPU.Build.0 = Release|Any CPU
		{F1A4836D-8974-499D-8994-127E72B50045}.Debug|Any CPU.ActiveCfg = Debug|Any CPU
		{F1A4836D-8974-499D-8994-127E72B50045}.Debug|Any CPU.Build.0 = Debug|Any CPU
		{F1A4836D-8974-499D-8994-127E72B50045}.Release|Any CPU.ActiveCfg = Release|Any CPU
		{F1A4836D-8974-499D-8994-127E72B50045}.Release|Any CPU.Build.0 = Release|Any CPU
		{C459C6B8-1B72-4DDA-A61C-301D5CE3DAFC}.Debug|Any CPU.ActiveCfg = Debug|Any CPU
		{C459C6B8-1B72-4DDA-A61C-301D5CE3DAFC}.Debug|Any CPU.Build.0 = Debug|Any CPU
		{C459C6B8-1B72-4DDA-A61C-301D5CE3DAFC}.Release|Any CPU.ActiveCfg = Release|Any CPU
		{C459C6B8-1B72-4DDA-A61C-301D5CE3DAFC}.Release|Any CPU.Build.0 = Release|Any CPU
		{4D489471-3EBF-498F-88CB-4E158D770C9A}.Debug|Any CPU.ActiveCfg = Debug|Any CPU
		{4D489471-3EBF-498F-88CB-4E158D770C9A}.Debug|Any CPU.Build.0 = Debug|Any CPU
		{4D489471-3EBF-498F-88CB-4E158D770C9A}.Release|Any CPU.ActiveCfg = Release|Any CPU
		{4D489471-3EBF-498F-88CB-4E158D770C9A}.Release|Any CPU.Build.0 = Release|Any CPU
		{246AB273-6876-495C-9B79-891217D4D813}.Debug|Any CPU.ActiveCfg = Debug|Any CPU
		{246AB273-6876-495C-9B79-891217D4D813}.Debug|Any CPU.Build.0 = Debug|Any CPU
		{246AB273-6876-495C-9B79-891217D4D813}.Release|Any CPU.ActiveCfg = Release|Any CPU
		{246AB273-6876-495C-9B79-891217D4D813}.Release|Any CPU.Build.0 = Release|Any CPU
		{EA3E7B61-D5FE-430A-B98D-87F80AA4DEFE}.Debug|Any CPU.ActiveCfg = Debug|Any CPU
		{EA3E7B61-D5FE-430A-B98D-87F80AA4DEFE}.Debug|Any CPU.Build.0 = Debug|Any CPU
		{EA3E7B61-D5FE-430A-B98D-87F80AA4DEFE}.Release|Any CPU.ActiveCfg = Release|Any CPU
		{EA3E7B61-D5FE-430A-B98D-87F80AA4DEFE}.Release|Any CPU.Build.0 = Release|Any CPU
		{CD02B52A-FADC-4B87-93A3-2CC747F57D29}.Debug|Any CPU.ActiveCfg = Debug|Any CPU
		{CD02B52A-FADC-4B87-93A3-2CC747F57D29}.Debug|Any CPU.Build.0 = Debug|Any CPU
		{CD02B52A-FADC-4B87-93A3-2CC747F57D29}.Release|Any CPU.ActiveCfg = Release|Any CPU
		{CD02B52A-FADC-4B87-93A3-2CC747F57D29}.Release|Any CPU.Build.0 = Release|Any CPU
		{5C1BDDAC-3CD8-4478-8066-E933AE4B051C}.Debug|Any CPU.ActiveCfg = Debug|Any CPU
		{5C1BDDAC-3CD8-4478-8066-E933AE4B051C}.Debug|Any CPU.Build.0 = Debug|Any CPU
		{5C1BDDAC-3CD8-4478-8066-E933AE4B051C}.Release|Any CPU.ActiveCfg = Release|Any CPU
		{5C1BDDAC-3CD8-4478-8066-E933AE4B051C}.Release|Any CPU.Build.0 = Release|Any CPU
		{2907F909-58DC-4B16-8A60-1DEC8880A672}.Debug|Any CPU.ActiveCfg = Debug|Any CPU
		{2907F909-58DC-4B16-8A60-1DEC8880A672}.Debug|Any CPU.Build.0 = Debug|Any CPU
		{2907F909-58DC-4B16-8A60-1DEC8880A672}.Release|Any CPU.ActiveCfg = Release|Any CPU
		{2907F909-58DC-4B16-8A60-1DEC8880A672}.Release|Any CPU.Build.0 = Release|Any CPU
		{461F4890-4FCF-45F2-902F-F5A1BC144CAB}.Debug|Any CPU.ActiveCfg = Debug|Any CPU
		{461F4890-4FCF-45F2-902F-F5A1BC144CAB}.Debug|Any CPU.Build.0 = Debug|Any CPU
		{461F4890-4FCF-45F2-902F-F5A1BC144CAB}.Release|Any CPU.ActiveCfg = Release|Any CPU
		{461F4890-4FCF-45F2-902F-F5A1BC144CAB}.Release|Any CPU.Build.0 = Release|Any CPU
		{22805CA1-8C14-4417-A30D-90C5BBB65368}.Debug|Any CPU.ActiveCfg = Debug|Any CPU
		{22805CA1-8C14-4417-A30D-90C5BBB65368}.Debug|Any CPU.Build.0 = Debug|Any CPU
		{22805CA1-8C14-4417-A30D-90C5BBB65368}.Release|Any CPU.ActiveCfg = Release|Any CPU
		{22805CA1-8C14-4417-A30D-90C5BBB65368}.Release|Any CPU.Build.0 = Release|Any CPU
		{E33ED990-0E49-49D9-8221-3517A304C972}.Debug|Any CPU.ActiveCfg = Debug|Any CPU
		{E33ED990-0E49-49D9-8221-3517A304C972}.Debug|Any CPU.Build.0 = Debug|Any CPU
		{E33ED990-0E49-49D9-8221-3517A304C972}.Release|Any CPU.ActiveCfg = Release|Any CPU
		{E33ED990-0E49-49D9-8221-3517A304C972}.Release|Any CPU.Build.0 = Release|Any CPU
		{6DF64911-61F3-4B3D-A73C-F5919705D7B6}.Debug|Any CPU.ActiveCfg = Debug|Any CPU
		{6DF64911-61F3-4B3D-A73C-F5919705D7B6}.Debug|Any CPU.Build.0 = Debug|Any CPU
		{6DF64911-61F3-4B3D-A73C-F5919705D7B6}.Release|Any CPU.ActiveCfg = Release|Any CPU
		{6DF64911-61F3-4B3D-A73C-F5919705D7B6}.Release|Any CPU.Build.0 = Release|Any CPU
		{BAAFE31B-3197-4A9F-9001-3C28EBE80D09}.Debug|Any CPU.ActiveCfg = Debug|Any CPU
		{BAAFE31B-3197-4A9F-9001-3C28EBE80D09}.Debug|Any CPU.Build.0 = Debug|Any CPU
		{BAAFE31B-3197-4A9F-9001-3C28EBE80D09}.Release|Any CPU.ActiveCfg = Release|Any CPU
		{BAAFE31B-3197-4A9F-9001-3C28EBE80D09}.Release|Any CPU.Build.0 = Release|Any CPU
		{473679D8-3DF4-4D7C-A569-F3A960037175}.Debug|Any CPU.ActiveCfg = Debug|Any CPU
		{473679D8-3DF4-4D7C-A569-F3A960037175}.Debug|Any CPU.Build.0 = Debug|Any CPU
		{473679D8-3DF4-4D7C-A569-F3A960037175}.Release|Any CPU.ActiveCfg = Release|Any CPU
		{473679D8-3DF4-4D7C-A569-F3A960037175}.Release|Any CPU.Build.0 = Release|Any CPU
		{959EC975-4CCD-4834-AFC3-BFF741B399FF}.Debug|Any CPU.ActiveCfg = Debug|Any CPU
		{959EC975-4CCD-4834-AFC3-BFF741B399FF}.Debug|Any CPU.Build.0 = Debug|Any CPU
		{959EC975-4CCD-4834-AFC3-BFF741B399FF}.Release|Any CPU.ActiveCfg = Release|Any CPU
		{959EC975-4CCD-4834-AFC3-BFF741B399FF}.Release|Any CPU.Build.0 = Release|Any CPU
		{BB91368B-CDBA-4183-9460-07374C918EF0}.Debug|Any CPU.ActiveCfg = Debug|Any CPU
		{BB91368B-CDBA-4183-9460-07374C918EF0}.Debug|Any CPU.Build.0 = Debug|Any CPU
		{BB91368B-CDBA-4183-9460-07374C918EF0}.Release|Any CPU.ActiveCfg = Release|Any CPU
		{BB91368B-CDBA-4183-9460-07374C918EF0}.Release|Any CPU.Build.0 = Release|Any CPU
		{F2F6F90F-1FFA-447F-AB85-9A2F5E9FBE83}.Debug|Any CPU.ActiveCfg = Debug|Any CPU
		{F2F6F90F-1FFA-447F-AB85-9A2F5E9FBE83}.Debug|Any CPU.Build.0 = Debug|Any CPU
		{F2F6F90F-1FFA-447F-AB85-9A2F5E9FBE83}.Release|Any CPU.ActiveCfg = Release|Any CPU
		{F2F6F90F-1FFA-447F-AB85-9A2F5E9FBE83}.Release|Any CPU.Build.0 = Release|Any CPU
		{6490B6BF-3FE5-4F35-8FEB-4C7E998E6976}.Debug|Any CPU.ActiveCfg = Debug|Any CPU
		{6490B6BF-3FE5-4F35-8FEB-4C7E998E6976}.Debug|Any CPU.Build.0 = Debug|Any CPU
		{6490B6BF-3FE5-4F35-8FEB-4C7E998E6976}.Release|Any CPU.ActiveCfg = Release|Any CPU
		{6490B6BF-3FE5-4F35-8FEB-4C7E998E6976}.Release|Any CPU.Build.0 = Release|Any CPU
		{AE06CA10-7F98-4426-888F-2F96AE85A616}.Debug|Any CPU.ActiveCfg = Debug|Any CPU
		{AE06CA10-7F98-4426-888F-2F96AE85A616}.Debug|Any CPU.Build.0 = Debug|Any CPU
		{AE06CA10-7F98-4426-888F-2F96AE85A616}.Release|Any CPU.ActiveCfg = Release|Any CPU
		{AE06CA10-7F98-4426-888F-2F96AE85A616}.Release|Any CPU.Build.0 = Release|Any CPU
		{07919E67-3617-48A0-BD87-EE388162A58B}.Debug|Any CPU.ActiveCfg = Debug|Any CPU
		{07919E67-3617-48A0-BD87-EE388162A58B}.Debug|Any CPU.Build.0 = Debug|Any CPU
		{07919E67-3617-48A0-BD87-EE388162A58B}.Release|Any CPU.ActiveCfg = Release|Any CPU
		{07919E67-3617-48A0-BD87-EE388162A58B}.Release|Any CPU.Build.0 = Release|Any CPU
		{446525C8-EB03-4B27-A2BA-22A48AF99C50}.Debug|Any CPU.ActiveCfg = Debug|Any CPU
		{446525C8-EB03-4B27-A2BA-22A48AF99C50}.Debug|Any CPU.Build.0 = Debug|Any CPU
		{446525C8-EB03-4B27-A2BA-22A48AF99C50}.Release|Any CPU.ActiveCfg = Release|Any CPU
		{446525C8-EB03-4B27-A2BA-22A48AF99C50}.Release|Any CPU.Build.0 = Release|Any CPU
		{5CF316A6-AC3A-47C0-B97F-AB85F15F9F54}.Debug|Any CPU.ActiveCfg = Debug|Any CPU
		{5CF316A6-AC3A-47C0-B97F-AB85F15F9F54}.Debug|Any CPU.Build.0 = Debug|Any CPU
		{5CF316A6-AC3A-47C0-B97F-AB85F15F9F54}.Release|Any CPU.ActiveCfg = Release|Any CPU
		{5CF316A6-AC3A-47C0-B97F-AB85F15F9F54}.Release|Any CPU.Build.0 = Release|Any CPU
		{96B876FC-C164-4FCF-9C35-752C8DBDAFAB}.Debug|Any CPU.ActiveCfg = Debug|Any CPU
		{96B876FC-C164-4FCF-9C35-752C8DBDAFAB}.Debug|Any CPU.Build.0 = Debug|Any CPU
		{96B876FC-C164-4FCF-9C35-752C8DBDAFAB}.Release|Any CPU.ActiveCfg = Release|Any CPU
		{96B876FC-C164-4FCF-9C35-752C8DBDAFAB}.Release|Any CPU.Build.0 = Release|Any CPU
		{791A2E54-7876-4804-B2DC-EC6DBD70A86C}.Debug|Any CPU.ActiveCfg = Debug|Any CPU
		{791A2E54-7876-4804-B2DC-EC6DBD70A86C}.Debug|Any CPU.Build.0 = Debug|Any CPU
		{791A2E54-7876-4804-B2DC-EC6DBD70A86C}.Release|Any CPU.ActiveCfg = Release|Any CPU
		{791A2E54-7876-4804-B2DC-EC6DBD70A86C}.Release|Any CPU.Build.0 = Release|Any CPU
		{30DD989C-910F-4E9D-9FF6-620147B020C4}.Debug|Any CPU.ActiveCfg = Debug|Any CPU
		{30DD989C-910F-4E9D-9FF6-620147B020C4}.Debug|Any CPU.Build.0 = Debug|Any CPU
		{30DD989C-910F-4E9D-9FF6-620147B020C4}.Release|Any CPU.ActiveCfg = Release|Any CPU
		{30DD989C-910F-4E9D-9FF6-620147B020C4}.Release|Any CPU.Build.0 = Release|Any CPU
		{AEA6F825-FA23-4965-B56C-776911A44AA1}.Debug|Any CPU.ActiveCfg = Debug|Any CPU
		{AEA6F825-FA23-4965-B56C-776911A44AA1}.Debug|Any CPU.Build.0 = Debug|Any CPU
		{AEA6F825-FA23-4965-B56C-776911A44AA1}.Release|Any CPU.ActiveCfg = Release|Any CPU
		{AEA6F825-FA23-4965-B56C-776911A44AA1}.Release|Any CPU.Build.0 = Release|Any CPU
		{B34BC7F5-7214-4308-A9AF-BC5A978023E1}.Debug|Any CPU.ActiveCfg = Debug|Any CPU
		{B34BC7F5-7214-4308-A9AF-BC5A978023E1}.Debug|Any CPU.Build.0 = Debug|Any CPU
		{B34BC7F5-7214-4308-A9AF-BC5A978023E1}.Release|Any CPU.ActiveCfg = Release|Any CPU
		{B34BC7F5-7214-4308-A9AF-BC5A978023E1}.Release|Any CPU.Build.0 = Release|Any CPU
		{E16D05E1-A39D-4233-809C-826CFE124290}.Debug|Any CPU.ActiveCfg = Debug|Any CPU
		{E16D05E1-A39D-4233-809C-826CFE124290}.Debug|Any CPU.Build.0 = Debug|Any CPU
		{E16D05E1-A39D-4233-809C-826CFE124290}.Release|Any CPU.ActiveCfg = Release|Any CPU
		{E16D05E1-A39D-4233-809C-826CFE124290}.Release|Any CPU.Build.0 = Release|Any CPU
		{9B577311-868B-40D4-B779-AF69990E84A9}.Debug|Any CPU.ActiveCfg = Debug|Any CPU
		{9B577311-868B-40D4-B779-AF69990E84A9}.Debug|Any CPU.Build.0 = Debug|Any CPU
		{9B577311-868B-40D4-B779-AF69990E84A9}.Release|Any CPU.ActiveCfg = Release|Any CPU
		{9B577311-868B-40D4-B779-AF69990E84A9}.Release|Any CPU.Build.0 = Release|Any CPU
		{DDFFD303-3990-4CED-8BB9-C93B0D683D06}.Debug|Any CPU.ActiveCfg = Debug|Any CPU
		{DDFFD303-3990-4CED-8BB9-C93B0D683D06}.Debug|Any CPU.Build.0 = Debug|Any CPU
		{DDFFD303-3990-4CED-8BB9-C93B0D683D06}.Release|Any CPU.ActiveCfg = Release|Any CPU
		{DDFFD303-3990-4CED-8BB9-C93B0D683D06}.Release|Any CPU.Build.0 = Release|Any CPU
		{55ABE229-542E-4F54-92FD-4F22EF34F9BE}.Debug|Any CPU.ActiveCfg = Debug|Any CPU
		{55ABE229-542E-4F54-92FD-4F22EF34F9BE}.Debug|Any CPU.Build.0 = Debug|Any CPU
		{55ABE229-542E-4F54-92FD-4F22EF34F9BE}.Release|Any CPU.ActiveCfg = Release|Any CPU
		{55ABE229-542E-4F54-92FD-4F22EF34F9BE}.Release|Any CPU.Build.0 = Release|Any CPU
		{2C8FDB5B-355A-4130-9EAE-848F148EE4DB}.Debug|Any CPU.ActiveCfg = Debug|Any CPU
		{2C8FDB5B-355A-4130-9EAE-848F148EE4DB}.Debug|Any CPU.Build.0 = Debug|Any CPU
		{2C8FDB5B-355A-4130-9EAE-848F148EE4DB}.Release|Any CPU.ActiveCfg = Release|Any CPU
		{2C8FDB5B-355A-4130-9EAE-848F148EE4DB}.Release|Any CPU.Build.0 = Release|Any CPU
		{B64BC538-12D1-46B7-BE88-631C0E4CD387}.Debug|Any CPU.ActiveCfg = Debug|Any CPU
		{B64BC538-12D1-46B7-BE88-631C0E4CD387}.Debug|Any CPU.Build.0 = Debug|Any CPU
		{B64BC538-12D1-46B7-BE88-631C0E4CD387}.Release|Any CPU.ActiveCfg = Release|Any CPU
		{B64BC538-12D1-46B7-BE88-631C0E4CD387}.Release|Any CPU.Build.0 = Release|Any CPU
		{C1EEF485-D47C-42A0-8497-44A9238EF099}.Debug|Any CPU.ActiveCfg = Debug|Any CPU
		{C1EEF485-D47C-42A0-8497-44A9238EF099}.Debug|Any CPU.Build.0 = Debug|Any CPU
		{C1EEF485-D47C-42A0-8497-44A9238EF099}.Release|Any CPU.ActiveCfg = Release|Any CPU
		{C1EEF485-D47C-42A0-8497-44A9238EF099}.Release|Any CPU.Build.0 = Release|Any CPU
		{798D344D-1422-47F6-BA32-23519E05A042}.Debug|Any CPU.ActiveCfg = Debug|Any CPU
		{798D344D-1422-47F6-BA32-23519E05A042}.Debug|Any CPU.Build.0 = Debug|Any CPU
		{798D344D-1422-47F6-BA32-23519E05A042}.Release|Any CPU.ActiveCfg = Release|Any CPU
		{798D344D-1422-47F6-BA32-23519E05A042}.Release|Any CPU.Build.0 = Release|Any CPU
		{11F81F24-3747-4E37-8098-798755305BFB}.Debug|Any CPU.ActiveCfg = Debug|Any CPU
		{11F81F24-3747-4E37-8098-798755305BFB}.Debug|Any CPU.Build.0 = Debug|Any CPU
		{11F81F24-3747-4E37-8098-798755305BFB}.Release|Any CPU.ActiveCfg = Release|Any CPU
		{11F81F24-3747-4E37-8098-798755305BFB}.Release|Any CPU.Build.0 = Release|Any CPU
		{3CB5BD0B-B0DC-4F51-A9D5-20C1CF66B410}.Debug|Any CPU.ActiveCfg = Debug|Any CPU
		{3CB5BD0B-B0DC-4F51-A9D5-20C1CF66B410}.Debug|Any CPU.Build.0 = Debug|Any CPU
		{3CB5BD0B-B0DC-4F51-A9D5-20C1CF66B410}.Release|Any CPU.ActiveCfg = Release|Any CPU
		{3CB5BD0B-B0DC-4F51-A9D5-20C1CF66B410}.Release|Any CPU.Build.0 = Release|Any CPU
		{38084C94-AE92-4DED-A974-3A820F54FBA5}.Debug|Any CPU.ActiveCfg = Debug|Any CPU
		{38084C94-AE92-4DED-A974-3A820F54FBA5}.Debug|Any CPU.Build.0 = Debug|Any CPU
		{38084C94-AE92-4DED-A974-3A820F54FBA5}.Release|Any CPU.ActiveCfg = Release|Any CPU
		{38084C94-AE92-4DED-A974-3A820F54FBA5}.Release|Any CPU.Build.0 = Release|Any CPU
		{8B13E31A-26E9-4088-A2BE-77B683480296}.Debug|Any CPU.ActiveCfg = Debug|Any CPU
		{8B13E31A-26E9-4088-A2BE-77B683480296}.Debug|Any CPU.Build.0 = Debug|Any CPU
		{8B13E31A-26E9-4088-A2BE-77B683480296}.Release|Any CPU.ActiveCfg = Release|Any CPU
		{8B13E31A-26E9-4088-A2BE-77B683480296}.Release|Any CPU.Build.0 = Release|Any CPU
		{74CA2724-F242-4662-AEAB-EFFC32EC2C18}.Debug|Any CPU.ActiveCfg = Debug|Any CPU
		{74CA2724-F242-4662-AEAB-EFFC32EC2C18}.Debug|Any CPU.Build.0 = Debug|Any CPU
		{74CA2724-F242-4662-AEAB-EFFC32EC2C18}.Release|Any CPU.ActiveCfg = Release|Any CPU
		{74CA2724-F242-4662-AEAB-EFFC32EC2C18}.Release|Any CPU.Build.0 = Release|Any CPU
		{AE5CEAE6-F891-4E87-9F4F-154CFD9E1907}.Debug|Any CPU.ActiveCfg = Debug|Any CPU
		{AE5CEAE6-F891-4E87-9F4F-154CFD9E1907}.Debug|Any CPU.Build.0 = Debug|Any CPU
		{AE5CEAE6-F891-4E87-9F4F-154CFD9E1907}.Release|Any CPU.ActiveCfg = Release|Any CPU
		{AE5CEAE6-F891-4E87-9F4F-154CFD9E1907}.Release|Any CPU.Build.0 = Release|Any CPU
		{55D1A5E1-50CB-42AD-85F7-5CC810EF1222}.Debug|Any CPU.ActiveCfg = Debug|Any CPU
		{55D1A5E1-50CB-42AD-85F7-5CC810EF1222}.Debug|Any CPU.Build.0 = Debug|Any CPU
		{55D1A5E1-50CB-42AD-85F7-5CC810EF1222}.Release|Any CPU.ActiveCfg = Release|Any CPU
		{55D1A5E1-50CB-42AD-85F7-5CC810EF1222}.Release|Any CPU.Build.0 = Release|Any CPU
		{44B1DACC-3D47-4B2B-B6C1-AED9395741BA}.Debug|Any CPU.ActiveCfg = Debug|Any CPU
		{44B1DACC-3D47-4B2B-B6C1-AED9395741BA}.Debug|Any CPU.Build.0 = Debug|Any CPU
		{44B1DACC-3D47-4B2B-B6C1-AED9395741BA}.Release|Any CPU.ActiveCfg = Release|Any CPU
		{44B1DACC-3D47-4B2B-B6C1-AED9395741BA}.Release|Any CPU.Build.0 = Release|Any CPU
		{9EBA9C1B-1CA0-4750-A5C9-A99205ECAA03}.Debug|Any CPU.ActiveCfg = Debug|Any CPU
		{9EBA9C1B-1CA0-4750-A5C9-A99205ECAA03}.Debug|Any CPU.Build.0 = Debug|Any CPU
		{9EBA9C1B-1CA0-4750-A5C9-A99205ECAA03}.Release|Any CPU.ActiveCfg = Release|Any CPU
		{9EBA9C1B-1CA0-4750-A5C9-A99205ECAA03}.Release|Any CPU.Build.0 = Release|Any CPU
		{CB7653E1-A290-409A-AB82-82B056303F40}.Debug|Any CPU.ActiveCfg = Debug|Any CPU
		{CB7653E1-A290-409A-AB82-82B056303F40}.Debug|Any CPU.Build.0 = Debug|Any CPU
		{CB7653E1-A290-409A-AB82-82B056303F40}.Release|Any CPU.ActiveCfg = Release|Any CPU
		{CB7653E1-A290-409A-AB82-82B056303F40}.Release|Any CPU.Build.0 = Release|Any CPU
		{68E204FB-4B53-469D-851B-2FBF08041AE4}.Debug|Any CPU.ActiveCfg = Debug|Any CPU
		{68E204FB-4B53-469D-851B-2FBF08041AE4}.Debug|Any CPU.Build.0 = Debug|Any CPU
		{68E204FB-4B53-469D-851B-2FBF08041AE4}.Release|Any CPU.ActiveCfg = Release|Any CPU
		{68E204FB-4B53-469D-851B-2FBF08041AE4}.Release|Any CPU.Build.0 = Release|Any CPU
		{DC414A74-E412-4C5B-A9FC-E9A707A74FC6}.Debug|Any CPU.ActiveCfg = Debug|Any CPU
		{DC414A74-E412-4C5B-A9FC-E9A707A74FC6}.Debug|Any CPU.Build.0 = Debug|Any CPU
		{DC414A74-E412-4C5B-A9FC-E9A707A74FC6}.Release|Any CPU.ActiveCfg = Release|Any CPU
		{DC414A74-E412-4C5B-A9FC-E9A707A74FC6}.Release|Any CPU.Build.0 = Release|Any CPU
		{611D7ABC-1009-44A5-8DEB-711CD847D146}.Debug|Any CPU.ActiveCfg = Debug|Any CPU
		{611D7ABC-1009-44A5-8DEB-711CD847D146}.Debug|Any CPU.Build.0 = Debug|Any CPU
		{611D7ABC-1009-44A5-8DEB-711CD847D146}.Release|Any CPU.ActiveCfg = Release|Any CPU
		{611D7ABC-1009-44A5-8DEB-711CD847D146}.Release|Any CPU.Build.0 = Release|Any CPU
		{CE2129FC-8B90-4652-94F7-E2BBBA524CE0}.Debug|Any CPU.ActiveCfg = Debug|Any CPU
		{CE2129FC-8B90-4652-94F7-E2BBBA524CE0}.Debug|Any CPU.Build.0 = Debug|Any CPU
		{CE2129FC-8B90-4652-94F7-E2BBBA524CE0}.Release|Any CPU.ActiveCfg = Release|Any CPU
		{CE2129FC-8B90-4652-94F7-E2BBBA524CE0}.Release|Any CPU.Build.0 = Release|Any CPU
		{5BF118C8-177C-4696-AFBF-B466A07F758D}.Debug|Any CPU.ActiveCfg = Debug|Any CPU
		{5BF118C8-177C-4696-AFBF-B466A07F758D}.Debug|Any CPU.Build.0 = Debug|Any CPU
		{5BF118C8-177C-4696-AFBF-B466A07F758D}.Release|Any CPU.ActiveCfg = Release|Any CPU
		{5BF118C8-177C-4696-AFBF-B466A07F758D}.Release|Any CPU.Build.0 = Release|Any CPU
	EndGlobalSection
	GlobalSection(SolutionProperties) = preSolution
		HideSolutionNode = FALSE
	EndGlobalSection
	GlobalSection(NestedProjects) = preSolution
		{3F3AD8A9-CA42-4D10-9F50-CEAA9A94F670} = {87AA63D3-45AB-4FCA-ACD3-C2966D6EE0B5}
		{9810DB85-FBB2-44A9-9CFB-BED883745AD7} = {87AA63D3-45AB-4FCA-ACD3-C2966D6EE0B5}
		{AE4D77A1-D699-4C33-AF63-EC03B986F6E2} = {87AA63D3-45AB-4FCA-ACD3-C2966D6EE0B5}
		{812AFC21-7799-4EDA-847B-0ED8BBFB27D6} = {87AA63D3-45AB-4FCA-ACD3-C2966D6EE0B5}
		{B8C194E6-B528-49F9-A7CB-15F67442EAEC} = {87AA63D3-45AB-4FCA-ACD3-C2966D6EE0B5}
		{EA57D559-94B6-49A4-93EA-D2C586A0A92A} = {87AA63D3-45AB-4FCA-ACD3-C2966D6EE0B5}
		{BEEF8C4A-2655-4908-9D1D-25F442231744} = {87AA63D3-45AB-4FCA-ACD3-C2966D6EE0B5}
		{F9BFFD0C-3E46-42D6-8F1A-EED97F9143CA} = {87AA63D3-45AB-4FCA-ACD3-C2966D6EE0B5}
		{716E3426-B179-489A-846E-69DDD6494AD9} = {3F3AD8A9-CA42-4D10-9F50-CEAA9A94F670}
		{692DEEB3-98AA-4420-9D87-A68B36EC761B} = {3F3AD8A9-CA42-4D10-9F50-CEAA9A94F670}
		{39A8BE9E-F273-4098-8464-F82DCCC88303} = {3F3AD8A9-CA42-4D10-9F50-CEAA9A94F670}
		{80223F2D-B81C-42F5-BFDB-45AFF2CEC0AC} = {3F3AD8A9-CA42-4D10-9F50-CEAA9A94F670}
		{27E8D4EE-670B-4C63-B9D1-5EFD629A9008} = {3F3AD8A9-CA42-4D10-9F50-CEAA9A94F670}
		{F1A4836D-8974-499D-8994-127E72B50045} = {3F3AD8A9-CA42-4D10-9F50-CEAA9A94F670}
		{C459C6B8-1B72-4DDA-A61C-301D5CE3DAFC} = {3F3AD8A9-CA42-4D10-9F50-CEAA9A94F670}
		{4D489471-3EBF-498F-88CB-4E158D770C9A} = {3F3AD8A9-CA42-4D10-9F50-CEAA9A94F670}
		{7635BA4F-29EB-4552-8DEC-3B0D1D0BA9E1} = {3F3AD8A9-CA42-4D10-9F50-CEAA9A94F670}
		{EA3E7B61-D5FE-430A-B98D-87F80AA4DEFE} = {9810DB85-FBB2-44A9-9CFB-BED883745AD7}
		{CD02B52A-FADC-4B87-93A3-2CC747F57D29} = {9810DB85-FBB2-44A9-9CFB-BED883745AD7}
		{5C1BDDAC-3CD8-4478-8066-E933AE4B051C} = {9810DB85-FBB2-44A9-9CFB-BED883745AD7}
		{2907F909-58DC-4B16-8A60-1DEC8880A672} = {9810DB85-FBB2-44A9-9CFB-BED883745AD7}
		{461F4890-4FCF-45F2-902F-F5A1BC144CAB} = {9810DB85-FBB2-44A9-9CFB-BED883745AD7}
		{22805CA1-8C14-4417-A30D-90C5BBB65368} = {9810DB85-FBB2-44A9-9CFB-BED883745AD7}
		{E33ED990-0E49-49D9-8221-3517A304C972} = {9810DB85-FBB2-44A9-9CFB-BED883745AD7}
		{6DF64911-61F3-4B3D-A73C-F5919705D7B6} = {9810DB85-FBB2-44A9-9CFB-BED883745AD7}
		{BAAFE31B-3197-4A9F-9001-3C28EBE80D09} = {9810DB85-FBB2-44A9-9CFB-BED883745AD7}
		{246AB273-6876-495C-9B79-891217D4D813} = {9810DB85-FBB2-44A9-9CFB-BED883745AD7}
		{473679D8-3DF4-4D7C-A569-F3A960037175} = {AE4D77A1-D699-4C33-AF63-EC03B986F6E2}
		{959EC975-4CCD-4834-AFC3-BFF741B399FF} = {AE4D77A1-D699-4C33-AF63-EC03B986F6E2}
		{BB91368B-CDBA-4183-9460-07374C918EF0} = {AE4D77A1-D699-4C33-AF63-EC03B986F6E2}
		{F2F6F90F-1FFA-447F-AB85-9A2F5E9FBE83} = {AE4D77A1-D699-4C33-AF63-EC03B986F6E2}
		{6490B6BF-3FE5-4F35-8FEB-4C7E998E6976} = {AE4D77A1-D699-4C33-AF63-EC03B986F6E2}
		{AE06CA10-7F98-4426-888F-2F96AE85A616} = {AE4D77A1-D699-4C33-AF63-EC03B986F6E2}
		{07919E67-3617-48A0-BD87-EE388162A58B} = {AE4D77A1-D699-4C33-AF63-EC03B986F6E2}
		{446525C8-EB03-4B27-A2BA-22A48AF99C50} = {AE4D77A1-D699-4C33-AF63-EC03B986F6E2}
		{5CF316A6-AC3A-47C0-B97F-AB85F15F9F54} = {AE4D77A1-D699-4C33-AF63-EC03B986F6E2}
		{96B876FC-C164-4FCF-9C35-752C8DBDAFAB} = {812AFC21-7799-4EDA-847B-0ED8BBFB27D6}
		{791A2E54-7876-4804-B2DC-EC6DBD70A86C} = {812AFC21-7799-4EDA-847B-0ED8BBFB27D6}
		{30DD989C-910F-4E9D-9FF6-620147B020C4} = {812AFC21-7799-4EDA-847B-0ED8BBFB27D6}
		{AEA6F825-FA23-4965-B56C-776911A44AA1} = {812AFC21-7799-4EDA-847B-0ED8BBFB27D6}
		{B34BC7F5-7214-4308-A9AF-BC5A978023E1} = {812AFC21-7799-4EDA-847B-0ED8BBFB27D6}
		{E16D05E1-A39D-4233-809C-826CFE124290} = {812AFC21-7799-4EDA-847B-0ED8BBFB27D6}
		{9B577311-868B-40D4-B779-AF69990E84A9} = {812AFC21-7799-4EDA-847B-0ED8BBFB27D6}
		{DDFFD303-3990-4CED-8BB9-C93B0D683D06} = {812AFC21-7799-4EDA-847B-0ED8BBFB27D6}
		{2C8FDB5B-355A-4130-9EAE-848F148EE4DB} = {812AFC21-7799-4EDA-847B-0ED8BBFB27D6}
		{55ABE229-542E-4F54-92FD-4F22EF34F9BE} = {B8C194E6-B528-49F9-A7CB-15F67442EAEC}
		{B64BC538-12D1-46B7-BE88-631C0E4CD387} = {B8C194E6-B528-49F9-A7CB-15F67442EAEC}
		{C1EEF485-D47C-42A0-8497-44A9238EF099} = {B8C194E6-B528-49F9-A7CB-15F67442EAEC}
		{798D344D-1422-47F6-BA32-23519E05A042} = {B8C194E6-B528-49F9-A7CB-15F67442EAEC}
		{11F81F24-3747-4E37-8098-798755305BFB} = {B8C194E6-B528-49F9-A7CB-15F67442EAEC}
		{3CB5BD0B-B0DC-4F51-A9D5-20C1CF66B410} = {B8C194E6-B528-49F9-A7CB-15F67442EAEC}
		{38084C94-AE92-4DED-A974-3A820F54FBA5} = {B8C194E6-B528-49F9-A7CB-15F67442EAEC}
		{8B13E31A-26E9-4088-A2BE-77B683480296} = {B8C194E6-B528-49F9-A7CB-15F67442EAEC}
		{74CA2724-F242-4662-AEAB-EFFC32EC2C18} = {B8C194E6-B528-49F9-A7CB-15F67442EAEC}
		{AE5CEAE6-F891-4E87-9F4F-154CFD9E1907} = {B8C194E6-B528-49F9-A7CB-15F67442EAEC}
		{55D1A5E1-50CB-42AD-85F7-5CC810EF1222} = {EA57D559-94B6-49A4-93EA-D2C586A0A92A}
		{44B1DACC-3D47-4B2B-B6C1-AED9395741BA} = {EA57D559-94B6-49A4-93EA-D2C586A0A92A}
		{9EBA9C1B-1CA0-4750-A5C9-A99205ECAA03} = {EA57D559-94B6-49A4-93EA-D2C586A0A92A}
		{CB7653E1-A290-409A-AB82-82B056303F40} = {EA57D559-94B6-49A4-93EA-D2C586A0A92A}
		{68E204FB-4B53-469D-851B-2FBF08041AE4} = {BEEF8C4A-2655-4908-9D1D-25F442231744}
		{DC414A74-E412-4C5B-A9FC-E9A707A74FC6} = {BEEF8C4A-2655-4908-9D1D-25F442231744}
		{611D7ABC-1009-44A5-8DEB-711CD847D146} = {BEEF8C4A-2655-4908-9D1D-25F442231744}
		{CE2129FC-8B90-4652-94F7-E2BBBA524CE0} = {F9BFFD0C-3E46-42D6-8F1A-EED97F9143CA}
		{5BF118C8-177C-4696-AFBF-B466A07F758D} = {F9BFFD0C-3E46-42D6-8F1A-EED97F9143CA}
	EndGlobalSection
EndGlobal
