
Microsoft Visual Studio Solution File, Format Version 12.00
# Visual Studio 2012
Project("{2150E333-8FDC-42A3-9474-1A3956D46DE8}") = "Objective 2.1 - Create types", "Objective 2.1 - Create types", "{87AA63D3-45AB-4FCA-ACD3-C2966D6EE0B5}"
EndProject
Project("{FAE04EC0-301F-11D3-BF4B-00C04F79EFBC}") = "Example2.1", "Objective2.1\Example2.1\Example2.1.csproj", "{7635BA4F-29EB-4552-8DEC-3B0D1D0BA9E1}"
EndProject
Project("{FAE04EC0-301F-11D3-BF4B-00C04F79EFBC}") = "Example2.2", "Objective2.1\Example2.2\Example2.2.csproj", "{716E3426-B179-489A-846E-69DDD6494AD9}"
EndProject
Project("{FAE04EC0-301F-11D3-BF4B-00C04F79EFBC}") = "Example2.3", "Objective2.1\Example2.3\Example2.3.csproj", "{692DEEB3-98AA-4420-9D87-A68B36EC761B}"
EndProject
Project("{FAE04EC0-301F-11D3-BF4B-00C04F79EFBC}") = "Example2.4", "Objective2.1\Example2.4\Example2.4.csproj", "{39A8BE9E-F273-4098-8464-F82DCCC88303}"
EndProject
Project("{FAE04EC0-301F-11D3-BF4B-00C04F79EFBC}") = "Example2.5", "Objective2.1\Example2.5\Example2.5.csproj", "{80223F2D-B81C-42F5-BFDB-45AFF2CEC0AC}"
EndProject
Project("{FAE04EC0-301F-11D3-BF4B-00C04F79EFBC}") = "Example2.6", "Objective2.1\Example2.6\Example2.6.csproj", "{27E8D4EE-670B-4C63-B9D1-5EFD629A9008}"
EndProject
Project("{FAE04EC0-301F-11D3-BF4B-00C04F79EFBC}") = "Example2.7", "Objective2.1\Example2.7\Example2.7.csproj", "{F1A4836D-8974-499D-8994-127E72B50045}"
EndProject
Project("{FAE04EC0-301F-11D3-BF4B-00C04F79EFBC}") = "Example2.8", "Objective2.1\Example2.8\Example2.8.csproj", "{C459C6B8-1B72-4DDA-A61C-301D5CE3DAFC}"
EndProject
Project("{FAE04EC0-301F-11D3-BF4B-00C04F79EFBC}") = "Example2.9", "Objective2.1\Example2.9\Example2.9.csproj", "{4D489471-3EBF-498F-88CB-4E158D770C9A}"
EndProject
Project("{FAE04EC0-301F-11D3-BF4B-00C04F79EFBC}") = "Example2.10", "Objective2.1\Example2.10\Example2.10.csproj", "{246AB273-6876-495C-9B79-891217D4D813}"
EndProject
Project("{FAE04EC0-301F-11D3-BF4B-00C04F79EFBC}") = "Example2.11", "Objective2.1\Example2.11\Example2.11.csproj", "{EA3E7B61-D5FE-430A-B98D-87F80AA4DEFE}"
EndProject
Project("{FAE04EC0-301F-11D3-BF4B-00C04F79EFBC}") = "Example2.12", "Objective2.1\Example2.12\Example2.12.csproj", "{CD02B52A-FADC-4B87-93A3-2CC747F57D29}"
EndProject
Global
	GlobalSection(SolutionConfigurationPlatforms) = preSolution
		Debug|Any CPU = Debug|Any CPU
		Release|Any CPU = Release|Any CPU
	EndGlobalSection
	GlobalSection(ProjectConfigurationPlatforms) = postSolution
		{7635BA4F-29EB-4552-8DEC-3B0D1D0BA9E1}.Debug|Any CPU.ActiveCfg = Debug|Any CPU
		{7635BA4F-29EB-4552-8DEC-3B0D1D0BA9E1}.Debug|Any CPU.Build.0 = Debug|Any CPU
		{7635BA4F-29EB-4552-8DEC-3B0D1D0BA9E1}.Release|Any CPU.ActiveCfg = Release|Any CPU
		{7635BA4F-29EB-4552-8DEC-3B0D1D0BA9E1}.Release|Any CPU.Build.0 = Release|Any CPU
		{716E3426-B179-489A-846E-69DDD6494AD9}.Debug|Any CPU.ActiveCfg = Debug|Any CPU
		{716E3426-B179-489A-846E-69DDD6494AD9}.Debug|Any CPU.Build.0 = Debug|Any CPU
		{716E3426-B179-489A-846E-69DDD6494AD9}.Release|Any CPU.ActiveCfg = Release|Any CPU
		{716E3426-B179-489A-846E-69DDD6494AD9}.Release|Any CPU.Build.0 = Release|Any CPU
		{692DEEB3-98AA-4420-9D87-A68B36EC761B}.Debug|Any CPU.ActiveCfg = Debug|Any CPU
		{692DEEB3-98AA-4420-9D87-A68B36EC761B}.Debug|Any CPU.Build.0 = Debug|Any CPU
		{692DEEB3-98AA-4420-9D87-A68B36EC761B}.Release|Any CPU.ActiveCfg = Release|Any CPU
		{692DEEB3-98AA-4420-9D87-A68B36EC761B}.Release|Any CPU.Build.0 = Release|Any CPU
		{39A8BE9E-F273-4098-8464-F82DCCC88303}.Debug|Any CPU.ActiveCfg = Debug|Any CPU
		{39A8BE9E-F273-4098-8464-F82DCCC88303}.Debug|Any CPU.Build.0 = Debug|Any CPU
		{39A8BE9E-F273-4098-8464-F82DCCC88303}.Release|Any CPU.ActiveCfg = Release|Any CPU
		{39A8BE9E-F273-4098-8464-F82DCCC88303}.Release|Any CPU.Build.0 = Release|Any CPU
		{80223F2D-B81C-42F5-BFDB-45AFF2CEC0AC}.Debug|Any CPU.ActiveCfg = Debug|Any CPU
		{80223F2D-B81C-42F5-BFDB-45AFF2CEC0AC}.Debug|Any CPU.Build.0 = Debug|Any CPU
		{80223F2D-B81C-42F5-BFDB-45AFF2CEC0AC}.Release|Any CPU.ActiveCfg = Release|Any CPU
		{80223F2D-B81C-42F5-BFDB-45AFF2CEC0AC}.Release|Any CPU.Build.0 = Release|Any CPU
		{27E8D4EE-670B-4C63-B9D1-5EFD629A9008}.Debug|Any CPU.ActiveCfg = Debug|Any CPU
		{27E8D4EE-670B-4C63-B9D1-5EFD629A9008}.Debug|Any CPU.Build.0 = Debug|Any CPU
		{27E8D4EE-670B-4C63-B9D1-5EFD629A9008}.Release|Any CPU.ActiveCfg = Release|Any CPU
		{27E8D4EE-670B-4C63-B9D1-5EFD629A9008}.Release|Any CPU.Build.0 = Release|Any CPU
		{F1A4836D-8974-499D-8994-127E72B50045}.Debug|Any CPU.ActiveCfg = Debug|Any CPU
		{F1A4836D-8974-499D-8994-127E72B50045}.Debug|Any CPU.Build.0 = Debug|Any CPU
		{F1A4836D-8974-499D-8994-127E72B50045}.Release|Any CPU.ActiveCfg = Release|Any CPU
		{F1A4836D-8974-499D-8994-127E72B50045}.Release|Any CPU.Build.0 = Release|Any CPU
		{C459C6B8-1B72-4DDA-A61C-301D5CE3DAFC}.Debug|Any CPU.ActiveCfg = Debug|Any CPU
		{C459C6B8-1B72-4DDA-A61C-301D5CE3DAFC}.Debug|Any CPU.Build.0 = Debug|Any CPU
		{C459C6B8-1B72-4DDA-A61C-301D5CE3DAFC}.Release|Any CPU.ActiveCfg = Release|Any CPU
		{C459C6B8-1B72-4DDA-A61C-301D5CE3DAFC}.Release|Any CPU.Build.0 = Release|Any CPU
		{4D489471-3EBF-498F-88CB-4E158D770C9A}.Debug|Any CPU.ActiveCfg = Debug|Any CPU
		{4D489471-3EBF-498F-88CB-4E158D770C9A}.Debug|Any CPU.Build.0 = Debug|Any CPU
		{4D489471-3EBF-498F-88CB-4E158D770C9A}.Release|Any CPU.ActiveCfg = Release|Any CPU
		{4D489471-3EBF-498F-88CB-4E158D770C9A}.Release|Any CPU.Build.0 = Release|Any CPU
		{246AB273-6876-495C-9B79-891217D4D813}.Debug|Any CPU.ActiveCfg = Debug|Any CPU
		{246AB273-6876-495C-9B79-891217D4D813}.Debug|Any CPU.Build.0 = Debug|Any CPU
		{246AB273-6876-495C-9B79-891217D4D813}.Release|Any CPU.ActiveCfg = Release|Any CPU
		{246AB273-6876-495C-9B79-891217D4D813}.Release|Any CPU.Build.0 = Release|Any CPU
		{EA3E7B61-D5FE-430A-B98D-87F80AA4DEFE}.Debug|Any CPU.ActiveCfg = Debug|Any CPU
		{EA3E7B61-D5FE-430A-B98D-87F80AA4DEFE}.Debug|Any CPU.Build.0 = Debug|Any CPU
		{EA3E7B61-D5FE-430A-B98D-87F80AA4DEFE}.Release|Any CPU.ActiveCfg = Release|Any CPU
		{EA3E7B61-D5FE-430A-B98D-87F80AA4DEFE}.Release|Any CPU.Build.0 = Release|Any CPU
		{CD02B52A-FADC-4B87-93A3-2CC747F57D29}.Debug|Any CPU.ActiveCfg = Debug|Any CPU
		{CD02B52A-FADC-4B87-93A3-2CC747F57D29}.Debug|Any CPU.Build.0 = Debug|Any CPU
		{CD02B52A-FADC-4B87-93A3-2CC747F57D29}.Release|Any CPU.ActiveCfg = Release|Any CPU
		{CD02B52A-FADC-4B87-93A3-2CC747F57D29}.Release|Any CPU.Build.0 = Release|Any CPU
	EndGlobalSection
	GlobalSection(SolutionProperties) = preSolution
		HideSolutionNode = FALSE
	EndGlobalSection
	GlobalSection(NestedProjects) = preSolution
		{7635BA4F-29EB-4552-8DEC-3B0D1D0BA9E1} = {87AA63D3-45AB-4FCA-ACD3-C2966D6EE0B5}
		{716E3426-B179-489A-846E-69DDD6494AD9} = {87AA63D3-45AB-4FCA-ACD3-C2966D6EE0B5}
		{692DEEB3-98AA-4420-9D87-A68B36EC761B} = {87AA63D3-45AB-4FCA-ACD3-C2966D6EE0B5}
		{39A8BE9E-F273-4098-8464-F82DCCC88303} = {87AA63D3-45AB-4FCA-ACD3-C2966D6EE0B5}
		{80223F2D-B81C-42F5-BFDB-45AFF2CEC0AC} = {87AA63D3-45AB-4FCA-ACD3-C2966D6EE0B5}
		{27E8D4EE-670B-4C63-B9D1-5EFD629A9008} = {87AA63D3-45AB-4FCA-ACD3-C2966D6EE0B5}
		{F1A4836D-8974-499D-8994-127E72B50045} = {87AA63D3-45AB-4FCA-ACD3-C2966D6EE0B5}
		{C459C6B8-1B72-4DDA-A61C-301D5CE3DAFC} = {87AA63D3-45AB-4FCA-ACD3-C2966D6EE0B5}
		{4D489471-3EBF-498F-88CB-4E158D770C9A} = {87AA63D3-45AB-4FCA-ACD3-C2966D6EE0B5}
		{246AB273-6876-495C-9B79-891217D4D813} = {87AA63D3-45AB-4FCA-ACD3-C2966D6EE0B5}
		{EA3E7B61-D5FE-430A-B98D-87F80AA4DEFE} = {87AA63D3-45AB-4FCA-ACD3-C2966D6EE0B5}
		{CD02B52A-FADC-4B87-93A3-2CC747F57D29} = {87AA63D3-45AB-4FCA-ACD3-C2966D6EE0B5}
	EndGlobalSection
EndGlobal
