
Microsoft Visual Studio Solution File, Format Version 12.00
# Visual Studio 2012
Project("{2150E333-8FDC-42A3-9474-1A3956D46DE8}") = "Objective 3.1 - Validate application input", "Objective 3.1 - Validate application input", "{7EC727EF-2863-41CE-8F51-B8AE6F906AAF}"
EndProject
Project("{FAE04EC0-301F-11D3-BF4B-00C04F79EFBC}") = "Example3.1", "Objective3.1\Example3.1\Example3.1.csproj", "{9E322C74-D748-44BB-BB94-079ECB503C14}"
EndProject
Project("{FAE04EC0-301F-11D3-BF4B-00C04F79EFBC}") = "Example3.2", "Objective3.1\Example3.2\Example3.2.csproj", "{FA16C988-9D82-4649-9975-664779323F7B}"
EndProject
Project("{FAE04EC0-301F-11D3-BF4B-00C04F79EFBC}") = "Example3.4", "Objective3.1\Example3.4\Example3.4.csproj", "{36EE7BAA-1816-4AB2-8B36-6D2BE76C11FD}"
EndProject
Project("{FAE04EC0-301F-11D3-BF4B-00C04F79EFBC}") = "Example3.5", "Objective3.1\Example3.5\Example3.5.csproj", "{2D8F66C3-C572-44A9-945F-A6047FAA99F8}"
EndProject
Project("{FAE04EC0-301F-11D3-BF4B-00C04F79EFBC}") = "Example3.6", "Objective3.1\Example3.6\Example3.6.csproj", "{1685C848-27C7-4A94-8F00-9D943B0BD0EC}"
EndProject
Project("{FAE04EC0-301F-11D3-BF4B-00C04F79EFBC}") = "Example3.7", "Objective3.1\Example3.7\Example3.7.csproj", "{65435C52-87E8-45DB-B3A6-286897693FB7}"
EndProject
Project("{FAE04EC0-301F-11D3-BF4B-00C04F79EFBC}") = "Example3.9", "Objective3.1\Example3.9\Example3.9.csproj", "{403C099D-A6FF-41BE-9891-22FF4EAF0D98}"
EndProject
Project("{FAE04EC0-301F-11D3-BF4B-00C04F79EFBC}") = "Example3.11", "Objective3.1\Example3.11\Example3.11.csproj", "{35BA4D7B-FF80-4264-AA6C-90E64AE705A5}"
EndProject
Project("{FAE04EC0-301F-11D3-BF4B-00C04F79EFBC}") = "Example3.12", "Objective3.1\Example3.12\Example3.12.csproj", "{F4461494-319A-468D-9ADE-95438BF68164}"
EndProject
Project("{FAE04EC0-301F-11D3-BF4B-00C04F79EFBC}") = "Example3.14", "Objective3.1\Example3.14\Example3.14.csproj", "{78FFE389-27BD-448B-AB78-6D874CE0E76D}"
EndProject
Global
	GlobalSection(SolutionConfigurationPlatforms) = preSolution
		Debug|Any CPU = Debug|Any CPU
		Release|Any CPU = Release|Any CPU
	EndGlobalSection
	GlobalSection(ProjectConfigurationPlatforms) = postSolution
		{9E322C74-D748-44BB-BB94-079ECB503C14}.Debug|Any CPU.ActiveCfg = Debug|Any CPU
		{9E322C74-D748-44BB-BB94-079ECB503C14}.Debug|Any CPU.Build.0 = Debug|Any CPU
		{9E322C74-D748-44BB-BB94-079ECB503C14}.Release|Any CPU.ActiveCfg = Release|Any CPU
		{9E322C74-D748-44BB-BB94-079ECB503C14}.Release|Any CPU.Build.0 = Release|Any CPU
		{FA16C988-9D82-4649-9975-664779323F7B}.Debug|Any CPU.ActiveCfg = Debug|Any CPU
		{FA16C988-9D82-4649-9975-664779323F7B}.Debug|Any CPU.Build.0 = Debug|Any CPU
		{FA16C988-9D82-4649-9975-664779323F7B}.Release|Any CPU.ActiveCfg = Release|Any CPU
		{FA16C988-9D82-4649-9975-664779323F7B}.Release|Any CPU.Build.0 = Release|Any CPU
		{36EE7BAA-1816-4AB2-8B36-6D2BE76C11FD}.Debug|Any CPU.ActiveCfg = Debug|Any CPU
		{36EE7BAA-1816-4AB2-8B36-6D2BE76C11FD}.Debug|Any CPU.Build.0 = Debug|Any CPU
		{36EE7BAA-1816-4AB2-8B36-6D2BE76C11FD}.Release|Any CPU.ActiveCfg = Release|Any CPU
		{36EE7BAA-1816-4AB2-8B36-6D2BE76C11FD}.Release|Any CPU.Build.0 = Release|Any CPU
		{2D8F66C3-C572-44A9-945F-A6047FAA99F8}.Debug|Any CPU.ActiveCfg = Debug|Any CPU
		{2D8F66C3-C572-44A9-945F-A6047FAA99F8}.Debug|Any CPU.Build.0 = Debug|Any CPU
		{2D8F66C3-C572-44A9-945F-A6047FAA99F8}.Release|Any CPU.ActiveCfg = Release|Any CPU
		{2D8F66C3-C572-44A9-945F-A6047FAA99F8}.Release|Any CPU.Build.0 = Release|Any CPU
		{1685C848-27C7-4A94-8F00-9D943B0BD0EC}.Debug|Any CPU.ActiveCfg = Debug|Any CPU
		{1685C848-27C7-4A94-8F00-9D943B0BD0EC}.Debug|Any CPU.Build.0 = Debug|Any CPU
		{1685C848-27C7-4A94-8F00-9D943B0BD0EC}.Release|Any CPU.ActiveCfg = Release|Any CPU
		{1685C848-27C7-4A94-8F00-9D943B0BD0EC}.Release|Any CPU.Build.0 = Release|Any CPU
		{65435C52-87E8-45DB-B3A6-286897693FB7}.Debug|Any CPU.ActiveCfg = Debug|Any CPU
		{65435C52-87E8-45DB-B3A6-286897693FB7}.Debug|Any CPU.Build.0 = Debug|Any CPU
		{65435C52-87E8-45DB-B3A6-286897693FB7}.Release|Any CPU.ActiveCfg = Release|Any CPU
		{65435C52-87E8-45DB-B3A6-286897693FB7}.Release|Any CPU.Build.0 = Release|Any CPU
		{403C099D-A6FF-41BE-9891-22FF4EAF0D98}.Debug|Any CPU.ActiveCfg = Debug|Any CPU
		{403C099D-A6FF-41BE-9891-22FF4EAF0D98}.Debug|Any CPU.Build.0 = Debug|Any CPU
		{403C099D-A6FF-41BE-9891-22FF4EAF0D98}.Release|Any CPU.ActiveCfg = Release|Any CPU
		{403C099D-A6FF-41BE-9891-22FF4EAF0D98}.Release|Any CPU.Build.0 = Release|Any CPU
		{35BA4D7B-FF80-4264-AA6C-90E64AE705A5}.Debug|Any CPU.ActiveCfg = Debug|Any CPU
		{35BA4D7B-FF80-4264-AA6C-90E64AE705A5}.Debug|Any CPU.Build.0 = Debug|Any CPU
		{35BA4D7B-FF80-4264-AA6C-90E64AE705A5}.Release|Any CPU.ActiveCfg = Release|Any CPU
		{35BA4D7B-FF80-4264-AA6C-90E64AE705A5}.Release|Any CPU.Build.0 = Release|Any CPU
		{F4461494-319A-468D-9ADE-95438BF68164}.Debug|Any CPU.ActiveCfg = Debug|Any CPU
		{F4461494-319A-468D-9ADE-95438BF68164}.Debug|Any CPU.Build.0 = Debug|Any CPU
		{F4461494-319A-468D-9ADE-95438BF68164}.Release|Any CPU.ActiveCfg = Release|Any CPU
		{F4461494-319A-468D-9ADE-95438BF68164}.Release|Any CPU.Build.0 = Release|Any CPU
		{78FFE389-27BD-448B-AB78-6D874CE0E76D}.Debug|Any CPU.ActiveCfg = Debug|Any CPU
		{78FFE389-27BD-448B-AB78-6D874CE0E76D}.Debug|Any CPU.Build.0 = Debug|Any CPU
		{78FFE389-27BD-448B-AB78-6D874CE0E76D}.Release|Any CPU.ActiveCfg = Release|Any CPU
		{78FFE389-27BD-448B-AB78-6D874CE0E76D}.Release|Any CPU.Build.0 = Release|Any CPU
	EndGlobalSection
	GlobalSection(SolutionProperties) = preSolution
		HideSolutionNode = FALSE
	EndGlobalSection
	GlobalSection(NestedProjects) = preSolution
		{9E322C74-D748-44BB-BB94-079ECB503C14} = {7EC727EF-2863-41CE-8F51-B8AE6F906AAF}
		{FA16C988-9D82-4649-9975-664779323F7B} = {7EC727EF-2863-41CE-8F51-B8AE6F906AAF}
		{36EE7BAA-1816-4AB2-8B36-6D2BE76C11FD} = {7EC727EF-2863-41CE-8F51-B8AE6F906AAF}
		{2D8F66C3-C572-44A9-945F-A6047FAA99F8} = {7EC727EF-2863-41CE-8F51-B8AE6F906AAF}
		{1685C848-27C7-4A94-8F00-9D943B0BD0EC} = {7EC727EF-2863-41CE-8F51-B8AE6F906AAF}
		{65435C52-87E8-45DB-B3A6-286897693FB7} = {7EC727EF-2863-41CE-8F51-B8AE6F906AAF}
		{403C099D-A6FF-41BE-9891-22FF4EAF0D98} = {7EC727EF-2863-41CE-8F51-B8AE6F906AAF}
		{35BA4D7B-FF80-4264-AA6C-90E64AE705A5} = {7EC727EF-2863-41CE-8F51-B8AE6F906AAF}
		{F4461494-319A-468D-9ADE-95438BF68164} = {7EC727EF-2863-41CE-8F51-B8AE6F906AAF}
		{78FFE389-27BD-448B-AB78-6D874CE0E76D} = {7EC727EF-2863-41CE-8F51-B8AE6F906AAF}
	EndGlobalSection
EndGlobal
