
Microsoft Visual Studio Solution File, Format Version 12.00
# Visual Studio 2012
Project("{2150E333-8FDC-42A3-9474-1A3956D46DE8}") = "Objective 4.1 - Perform IO operations", "Objective 4.1 - Perform IO operations", "{6CCEB987-0238-49CC-891E-1182F44BCB85}"
EndProject
Project("{FAE04EC0-301F-11D3-BF4B-00C04F79EFBC}") = "Example4.1", "Objective4.1\Example4.1\Example4.1.csproj", "{370D6206-3974-4470-9FE6-014E9434905C}"
EndProject
Project("{FAE04EC0-301F-11D3-BF4B-00C04F79EFBC}") = "Example4.2", "Objective4.1\Example4.2\Example4.2.csproj", "{064D84C8-982C-49C9-A3D6-45F42B490825}"
EndProject
Project("{FAE04EC0-301F-11D3-BF4B-00C04F79EFBC}") = "Example4.4", "Objective4.1\Example4.4\Example4.4.csproj", "{BE2D6131-A870-4297-B510-1DBD6E7B62CC}"
EndProject
Project("{FAE04EC0-301F-11D3-BF4B-00C04F79EFBC}") = "Example4.5", "Objective4.1\Example4.5\Example4.5.csproj", "{E6DC79D9-AB89-4BF8-845D-948A30FA0044}"
EndProject
Project("{FAE04EC0-301F-11D3-BF4B-00C04F79EFBC}") = "Example4.6", "Objective4.1\Example4.6\Example4.6.csproj", "{FA95C2CB-39F1-45BC-84F7-5FEF7FBAD9A6}"
EndProject
Project("{FAE04EC0-301F-11D3-BF4B-00C04F79EFBC}") = "Example4.7", "Objective4.1\Example4.7\Example4.7.csproj", "{2988B8AE-FAD4-4425-BA83-E2FD9C923CFB}"
EndProject
Project("{FAE04EC0-301F-11D3-BF4B-00C04F79EFBC}") = "Example4.8", "Objective4.1\Example4.8\Example4.8.csproj", "{27687746-1308-4EE9-AC08-E56E4024204B}"
EndProject
Project("{FAE04EC0-301F-11D3-BF4B-00C04F79EFBC}") = "Example4.9", "Objective4.1\Example4.9\Example4.9.csproj", "{12AFAF74-56BD-4A44-A166-54A443B21955}"
EndProject
Project("{FAE04EC0-301F-11D3-BF4B-00C04F79EFBC}") = "Example4.10", "Objective4.1\Example4.10\Example4.10.csproj", "{33C82530-CEA0-49DD-B045-062CCFE1EE11}"
EndProject
Project("{FAE04EC0-301F-11D3-BF4B-00C04F79EFBC}") = "Example1.12", "Objective4.1\Example1.12\Example1.12.csproj", "{FC0D6CFD-79C2-4449-BE98-AF1F8DEDF437}"
EndProject
Project("{FAE04EC0-301F-11D3-BF4B-00C04F79EFBC}") = "Example4.14", "Objective4.1\Example4.14\Example4.14.csproj", "{E05F5C6F-A742-4678-808D-5E23F2570242}"
EndProject
Project("{FAE04EC0-301F-11D3-BF4B-00C04F79EFBC}") = "Example4.15", "Objective4.1\Example4.15\Example4.15.csproj", "{0E516F00-3B87-4EED-A65B-B12BE771FF64}"
EndProject
Project("{FAE04EC0-301F-11D3-BF4B-00C04F79EFBC}") = "Example4.18", "Objective4.1\Example4.18\Example4.18.csproj", "{4AE1D1B4-5F6A-48DB-A0A5-8CDB7D8329C3}"
EndProject
Project("{FAE04EC0-301F-11D3-BF4B-00C04F79EFBC}") = "Example4.19", "Objective4.1\Example4.19\Example4.19.csproj", "{1F76876A-1456-4C35-981B-7B8474F7C5EA}"
EndProject
Global
	GlobalSection(SolutionConfigurationPlatforms) = preSolution
		Debug|Any CPU = Debug|Any CPU
		Release|Any CPU = Release|Any CPU
	EndGlobalSection
	GlobalSection(ProjectConfigurationPlatforms) = postSolution
		{370D6206-3974-4470-9FE6-014E9434905C}.Debug|Any CPU.ActiveCfg = Debug|Any CPU
		{370D6206-3974-4470-9FE6-014E9434905C}.Debug|Any CPU.Build.0 = Debug|Any CPU
		{370D6206-3974-4470-9FE6-014E9434905C}.Release|Any CPU.ActiveCfg = Release|Any CPU
		{370D6206-3974-4470-9FE6-014E9434905C}.Release|Any CPU.Build.0 = Release|Any CPU
		{064D84C8-982C-49C9-A3D6-45F42B490825}.Debug|Any CPU.ActiveCfg = Debug|Any CPU
		{064D84C8-982C-49C9-A3D6-45F42B490825}.Debug|Any CPU.Build.0 = Debug|Any CPU
		{064D84C8-982C-49C9-A3D6-45F42B490825}.Release|Any CPU.ActiveCfg = Release|Any CPU
		{064D84C8-982C-49C9-A3D6-45F42B490825}.Release|Any CPU.Build.0 = Release|Any CPU
		{BE2D6131-A870-4297-B510-1DBD6E7B62CC}.Debug|Any CPU.ActiveCfg = Debug|Any CPU
		{BE2D6131-A870-4297-B510-1DBD6E7B62CC}.Debug|Any CPU.Build.0 = Debug|Any CPU
		{BE2D6131-A870-4297-B510-1DBD6E7B62CC}.Release|Any CPU.ActiveCfg = Release|Any CPU
		{BE2D6131-A870-4297-B510-1DBD6E7B62CC}.Release|Any CPU.Build.0 = Release|Any CPU
		{E6DC79D9-AB89-4BF8-845D-948A30FA0044}.Debug|Any CPU.ActiveCfg = Debug|Any CPU
		{E6DC79D9-AB89-4BF8-845D-948A30FA0044}.Debug|Any CPU.Build.0 = Debug|Any CPU
		{E6DC79D9-AB89-4BF8-845D-948A30FA0044}.Release|Any CPU.ActiveCfg = Release|Any CPU
		{E6DC79D9-AB89-4BF8-845D-948A30FA0044}.Release|Any CPU.Build.0 = Release|Any CPU
		{FA95C2CB-39F1-45BC-84F7-5FEF7FBAD9A6}.Debug|Any CPU.ActiveCfg = Debug|Any CPU
		{FA95C2CB-39F1-45BC-84F7-5FEF7FBAD9A6}.Debug|Any CPU.Build.0 = Debug|Any CPU
		{FA95C2CB-39F1-45BC-84F7-5FEF7FBAD9A6}.Release|Any CPU.ActiveCfg = Release|Any CPU
		{FA95C2CB-39F1-45BC-84F7-5FEF7FBAD9A6}.Release|Any CPU.Build.0 = Release|Any CPU
		{2988B8AE-FAD4-4425-BA83-E2FD9C923CFB}.Debug|Any CPU.ActiveCfg = Debug|Any CPU
		{2988B8AE-FAD4-4425-BA83-E2FD9C923CFB}.Debug|Any CPU.Build.0 = Debug|Any CPU
		{2988B8AE-FAD4-4425-BA83-E2FD9C923CFB}.Release|Any CPU.ActiveCfg = Release|Any CPU
		{2988B8AE-FAD4-4425-BA83-E2FD9C923CFB}.Release|Any CPU.Build.0 = Release|Any CPU
		{27687746-1308-4EE9-AC08-E56E4024204B}.Debug|Any CPU.ActiveCfg = Debug|Any CPU
		{27687746-1308-4EE9-AC08-E56E4024204B}.Debug|Any CPU.Build.0 = Debug|Any CPU
		{27687746-1308-4EE9-AC08-E56E4024204B}.Release|Any CPU.ActiveCfg = Release|Any CPU
		{27687746-1308-4EE9-AC08-E56E4024204B}.Release|Any CPU.Build.0 = Release|Any CPU
		{12AFAF74-56BD-4A44-A166-54A443B21955}.Debug|Any CPU.ActiveCfg = Debug|Any CPU
		{12AFAF74-56BD-4A44-A166-54A443B21955}.Debug|Any CPU.Build.0 = Debug|Any CPU
		{12AFAF74-56BD-4A44-A166-54A443B21955}.Release|Any CPU.ActiveCfg = Release|Any CPU
		{12AFAF74-56BD-4A44-A166-54A443B21955}.Release|Any CPU.Build.0 = Release|Any CPU
		{33C82530-CEA0-49DD-B045-062CCFE1EE11}.Debug|Any CPU.ActiveCfg = Debug|Any CPU
		{33C82530-CEA0-49DD-B045-062CCFE1EE11}.Debug|Any CPU.Build.0 = Debug|Any CPU
		{33C82530-CEA0-49DD-B045-062CCFE1EE11}.Release|Any CPU.ActiveCfg = Release|Any CPU
		{33C82530-CEA0-49DD-B045-062CCFE1EE11}.Release|Any CPU.Build.0 = Release|Any CPU
		{FC0D6CFD-79C2-4449-BE98-AF1F8DEDF437}.Debug|Any CPU.ActiveCfg = Debug|Any CPU
		{FC0D6CFD-79C2-4449-BE98-AF1F8DEDF437}.Debug|Any CPU.Build.0 = Debug|Any CPU
		{FC0D6CFD-79C2-4449-BE98-AF1F8DEDF437}.Release|Any CPU.ActiveCfg = Release|Any CPU
		{FC0D6CFD-79C2-4449-BE98-AF1F8DEDF437}.Release|Any CPU.Build.0 = Release|Any CPU
		{E05F5C6F-A742-4678-808D-5E23F2570242}.Debug|Any CPU.ActiveCfg = Debug|Any CPU
		{E05F5C6F-A742-4678-808D-5E23F2570242}.Debug|Any CPU.Build.0 = Debug|Any CPU
		{E05F5C6F-A742-4678-808D-5E23F2570242}.Release|Any CPU.ActiveCfg = Release|Any CPU
		{E05F5C6F-A742-4678-808D-5E23F2570242}.Release|Any CPU.Build.0 = Release|Any CPU
		{0E516F00-3B87-4EED-A65B-B12BE771FF64}.Debug|Any CPU.ActiveCfg = Debug|Any CPU
		{0E516F00-3B87-4EED-A65B-B12BE771FF64}.Debug|Any CPU.Build.0 = Debug|Any CPU
		{0E516F00-3B87-4EED-A65B-B12BE771FF64}.Release|Any CPU.ActiveCfg = Release|Any CPU
		{0E516F00-3B87-4EED-A65B-B12BE771FF64}.Release|Any CPU.Build.0 = Release|Any CPU
		{4AE1D1B4-5F6A-48DB-A0A5-8CDB7D8329C3}.Debug|Any CPU.ActiveCfg = Debug|Any CPU
		{4AE1D1B4-5F6A-48DB-A0A5-8CDB7D8329C3}.Debug|Any CPU.Build.0 = Debug|Any CPU
		{4AE1D1B4-5F6A-48DB-A0A5-8CDB7D8329C3}.Release|Any CPU.ActiveCfg = Release|Any CPU
		{4AE1D1B4-5F6A-48DB-A0A5-8CDB7D8329C3}.Release|Any CPU.Build.0 = Release|Any CPU
		{1F76876A-1456-4C35-981B-7B8474F7C5EA}.Debug|Any CPU.ActiveCfg = Debug|Any CPU
		{1F76876A-1456-4C35-981B-7B8474F7C5EA}.Debug|Any CPU.Build.0 = Debug|Any CPU
		{1F76876A-1456-4C35-981B-7B8474F7C5EA}.Release|Any CPU.ActiveCfg = Release|Any CPU
		{1F76876A-1456-4C35-981B-7B8474F7C5EA}.Release|Any CPU.Build.0 = Release|Any CPU
	EndGlobalSection
	GlobalSection(SolutionProperties) = preSolution
		HideSolutionNode = FALSE
	EndGlobalSection
	GlobalSection(NestedProjects) = preSolution
		{370D6206-3974-4470-9FE6-014E9434905C} = {6CCEB987-0238-49CC-891E-1182F44BCB85}
		{064D84C8-982C-49C9-A3D6-45F42B490825} = {6CCEB987-0238-49CC-891E-1182F44BCB85}
		{BE2D6131-A870-4297-B510-1DBD6E7B62CC} = {6CCEB987-0238-49CC-891E-1182F44BCB85}
		{E6DC79D9-AB89-4BF8-845D-948A30FA0044} = {6CCEB987-0238-49CC-891E-1182F44BCB85}
		{FA95C2CB-39F1-45BC-84F7-5FEF7FBAD9A6} = {6CCEB987-0238-49CC-891E-1182F44BCB85}
		{2988B8AE-FAD4-4425-BA83-E2FD9C923CFB} = {6CCEB987-0238-49CC-891E-1182F44BCB85}
		{27687746-1308-4EE9-AC08-E56E4024204B} = {6CCEB987-0238-49CC-891E-1182F44BCB85}
		{12AFAF74-56BD-4A44-A166-54A443B21955} = {6CCEB987-0238-49CC-891E-1182F44BCB85}
		{33C82530-CEA0-49DD-B045-062CCFE1EE11} = {6CCEB987-0238-49CC-891E-1182F44BCB85}
		{FC0D6CFD-79C2-4449-BE98-AF1F8DEDF437} = {6CCEB987-0238-49CC-891E-1182F44BCB85}
		{E05F5C6F-A742-4678-808D-5E23F2570242} = {6CCEB987-0238-49CC-891E-1182F44BCB85}
		{0E516F00-3B87-4EED-A65B-B12BE771FF64} = {6CCEB987-0238-49CC-891E-1182F44BCB85}
		{4AE1D1B4-5F6A-48DB-A0A5-8CDB7D8329C3} = {6CCEB987-0238-49CC-891E-1182F44BCB85}
		{1F76876A-1456-4C35-981B-7B8474F7C5EA} = {6CCEB987-0238-49CC-891E-1182F44BCB85}
	EndGlobalSection
EndGlobal
