
Microsoft Visual Studio Solution File, Format Version 12.00
# Visual Studio 2012
Project("{2150E333-8FDC-42A3-9474-1A3956D46DE8}") = "Objective 4.1 - Perform IO operations", "Objective 4.1 - Perform IO operations", "{6CCEB987-0238-49CC-891E-1182F44BCB85}"
EndProject
Global
	GlobalSection(SolutionProperties) = preSolution
		HideSolutionNode = FALSE
	EndGlobalSection
EndGlobal
