
Microsoft Visual Studio Solution File, Format Version 12.00
# Visual Studio Express 2013 for Windows Desktop
VisualStudioVersion = 12.0.30501.0
MinimumVisualStudioVersion = 10.0.40219.1
Project("{FAE04EC0-301F-11D3-BF4B-00C04F79EFBC}") = "Example1.2", "Example1.2\Example1.2.csproj", "{6FC97A9F-B210-4C9B-BAAE-F66FC43E562A}"
EndProject
Project("{FAE04EC0-301F-11D3-BF4B-00C04F79EFBC}") = "Example1.3", "Example1.3\Example1.3.csproj", "{01CB2B91-EF83-4244-A429-218DB6A091F6}"
EndProject
Project("{FAE04EC0-301F-11D3-BF4B-00C04F79EFBC}") = "Example1.4", "Example1.4\Example1.4.csproj", "{A5C2FBF6-02B0-403A-9F3D-F1632D58F382}"
EndProject
Project("{FAE04EC0-301F-11D3-BF4B-00C04F79EFBC}") = "Example1.5", "Example1.5\Example1.5.csproj", "{1DFFC2CC-8490-4893-B4C5-C657E69BCE6A}"
EndProject
Project("{FAE04EC0-301F-11D3-BF4B-00C04F79EFBC}") = "Example1.6", "Example1.6\Example1.6.csproj", "{E1EEFF66-69DE-4F5A-9895-D8FC7E50FC1C}"
EndProject
Project("{FAE04EC0-301F-11D3-BF4B-00C04F79EFBC}") = "Example1.7", "Example1.7\Example1.7.csproj", "{5076CF34-A43E-4C2F-AA90-CAB7C96899BE}"
EndProject
Project("{FAE04EC0-301F-11D3-BF4B-00C04F79EFBC}") = "Example1.8", "Example1.8\Example1.8.csproj", "{2AD54526-0B92-431E-ABB4-7A05FA4FBD04}"
EndProject
Project("{FAE04EC0-301F-11D3-BF4B-00C04F79EFBC}") = "Example1.9 1.10", "Example1.9\Example1.9 1.10.csproj", "{434A9535-DA4B-49B6-923E-DD64FF9F75F3}"
EndProject
Project("{FAE04EC0-301F-11D3-BF4B-00C04F79EFBC}") = "Example1.11", "Example1.11\Example1.11.csproj", "{F1023439-819C-4D18-9424-E821929EBDC8}"
EndProject
Project("{2150E333-8FDC-42A3-9474-1A3956D46DE8}") = "Tasks", "Tasks", "{1A1D795D-7021-4036-85CA-2AAD1159DCAA}"
EndProject
Project("{2150E333-8FDC-42A3-9474-1A3956D46DE8}") = "Threads", "Threads", "{325CDA6E-69C2-49C9-94D0-1B11DF2AE8DF}"
EndProject
Project("{FAE04EC0-301F-11D3-BF4B-00C04F79EFBC}") = "Example1.12", "Example1.12\Example1.12.csproj", "{D08A1AF9-3A3E-45AD-813F-F3D5B84D6374}"
EndProject
Project("{FAE04EC0-301F-11D3-BF4B-00C04F79EFBC}") = "Example1.13", "Example1.13\Example1.13.csproj", "{E3289791-0E0B-4D3E-AABA-88F136C96F8F}"
EndProject
Project("{FAE04EC0-301F-11D3-BF4B-00C04F79EFBC}") = "Example1.14", "Example1.14\Example1.14.csproj", "{9BCEAF38-7B7E-48B0-B173-1FE5F1EC9098}"
EndProject
Project("{FAE04EC0-301F-11D3-BF4B-00C04F79EFBC}") = "Example1.15", "Example1.15\Example1.15.csproj", "{D427A563-CC40-4F74-8570-E95BF9C844F3}"
EndProject
Project("{2150E333-8FDC-42A3-9474-1A3956D46DE8}") = "Parallel", "Parallel", "{C6E9600F-7087-4450-8C12-094D8438DB11}"
EndProject
Project("{FAE04EC0-301F-11D3-BF4B-00C04F79EFBC}") = "Example1.1_1.17", "Example1.16\Example1.1_1.17.csproj", "{AD5A6459-C552-4A21-B2C5-68DA75E5983A}"
EndProject
Project("{FAE04EC0-301F-11D3-BF4B-00C04F79EFBC}") = "Example1.18", "Example1.18\Example1.18.csproj", "{9E82A6DC-4DC6-4990-A20C-61CAA1BF100D}"
EndProject
Project("{FAE04EC0-301F-11D3-BF4B-00C04F79EFBC}") = "Example1.1", "Example1.1\Example1.1.csproj", "{9DD7AAFF-B4EE-4DD7-815E-DAAD08D2E324}"
EndProject
Project("{FAE04EC0-301F-11D3-BF4B-00C04F79EFBC}") = "Example1.19", "Example1.19\Example1.19.csproj", "{F4B5EB12-7B56-42B1-A58A-0371DFD98050}"
EndProject
Global
	GlobalSection(SolutionConfigurationPlatforms) = preSolution
		Debug|Any CPU = Debug|Any CPU
		Release|Any CPU = Release|Any CPU
	EndGlobalSection
	GlobalSection(ProjectConfigurationPlatforms) = postSolution
		{6FC97A9F-B210-4C9B-BAAE-F66FC43E562A}.Debug|Any CPU.ActiveCfg = Debug|Any CPU
		{6FC97A9F-B210-4C9B-BAAE-F66FC43E562A}.Debug|Any CPU.Build.0 = Debug|Any CPU
		{6FC97A9F-B210-4C9B-BAAE-F66FC43E562A}.Release|Any CPU.ActiveCfg = Release|Any CPU
		{6FC97A9F-B210-4C9B-BAAE-F66FC43E562A}.Release|Any CPU.Build.0 = Release|Any CPU
		{01CB2B91-EF83-4244-A429-218DB6A091F6}.Debug|Any CPU.ActiveCfg = Debug|Any CPU
		{01CB2B91-EF83-4244-A429-218DB6A091F6}.Debug|Any CPU.Build.0 = Debug|Any CPU
		{01CB2B91-EF83-4244-A429-218DB6A091F6}.Release|Any CPU.ActiveCfg = Release|Any CPU
		{01CB2B91-EF83-4244-A429-218DB6A091F6}.Release|Any CPU.Build.0 = Release|Any CPU
		{A5C2FBF6-02B0-403A-9F3D-F1632D58F382}.Debug|Any CPU.ActiveCfg = Debug|Any CPU
		{A5C2FBF6-02B0-403A-9F3D-F1632D58F382}.Debug|Any CPU.Build.0 = Debug|Any CPU
		{A5C2FBF6-02B0-403A-9F3D-F1632D58F382}.Release|Any CPU.ActiveCfg = Release|Any CPU
		{A5C2FBF6-02B0-403A-9F3D-F1632D58F382}.Release|Any CPU.Build.0 = Release|Any CPU
		{1DFFC2CC-8490-4893-B4C5-C657E69BCE6A}.Debug|Any CPU.ActiveCfg = Debug|Any CPU
		{1DFFC2CC-8490-4893-B4C5-C657E69BCE6A}.Debug|Any CPU.Build.0 = Debug|Any CPU
		{1DFFC2CC-8490-4893-B4C5-C657E69BCE6A}.Release|Any CPU.ActiveCfg = Release|Any CPU
		{1DFFC2CC-8490-4893-B4C5-C657E69BCE6A}.Release|Any CPU.Build.0 = Release|Any CPU
		{E1EEFF66-69DE-4F5A-9895-D8FC7E50FC1C}.Debug|Any CPU.ActiveCfg = Debug|Any CPU
		{E1EEFF66-69DE-4F5A-9895-D8FC7E50FC1C}.Debug|Any CPU.Build.0 = Debug|Any CPU
		{E1EEFF66-69DE-4F5A-9895-D8FC7E50FC1C}.Release|Any CPU.ActiveCfg = Release|Any CPU
		{E1EEFF66-69DE-4F5A-9895-D8FC7E50FC1C}.Release|Any CPU.Build.0 = Release|Any CPU
		{5076CF34-A43E-4C2F-AA90-CAB7C96899BE}.Debug|Any CPU.ActiveCfg = Debug|Any CPU
		{5076CF34-A43E-4C2F-AA90-CAB7C96899BE}.Debug|Any CPU.Build.0 = Debug|Any CPU
		{5076CF34-A43E-4C2F-AA90-CAB7C96899BE}.Release|Any CPU.ActiveCfg = Release|Any CPU
		{5076CF34-A43E-4C2F-AA90-CAB7C96899BE}.Release|Any CPU.Build.0 = Release|Any CPU
		{2AD54526-0B92-431E-ABB4-7A05FA4FBD04}.Debug|Any CPU.ActiveCfg = Debug|Any CPU
		{2AD54526-0B92-431E-ABB4-7A05FA4FBD04}.Debug|Any CPU.Build.0 = Debug|Any CPU
		{2AD54526-0B92-431E-ABB4-7A05FA4FBD04}.Release|Any CPU.ActiveCfg = Release|Any CPU
		{2AD54526-0B92-431E-ABB4-7A05FA4FBD04}.Release|Any CPU.Build.0 = Release|Any CPU
		{434A9535-DA4B-49B6-923E-DD64FF9F75F3}.Debug|Any CPU.ActiveCfg = Debug|Any CPU
		{434A9535-DA4B-49B6-923E-DD64FF9F75F3}.Debug|Any CPU.Build.0 = Debug|Any CPU
		{434A9535-DA4B-49B6-923E-DD64FF9F75F3}.Release|Any CPU.ActiveCfg = Release|Any CPU
		{434A9535-DA4B-49B6-923E-DD64FF9F75F3}.Release|Any CPU.Build.0 = Release|Any CPU
		{F1023439-819C-4D18-9424-E821929EBDC8}.Debug|Any CPU.ActiveCfg = Debug|Any CPU
		{F1023439-819C-4D18-9424-E821929EBDC8}.Debug|Any CPU.Build.0 = Debug|Any CPU
		{F1023439-819C-4D18-9424-E821929EBDC8}.Release|Any CPU.ActiveCfg = Release|Any CPU
		{F1023439-819C-4D18-9424-E821929EBDC8}.Release|Any CPU.Build.0 = Release|Any CPU
		{D08A1AF9-3A3E-45AD-813F-F3D5B84D6374}.Debug|Any CPU.ActiveCfg = Debug|Any CPU
		{D08A1AF9-3A3E-45AD-813F-F3D5B84D6374}.Debug|Any CPU.Build.0 = Debug|Any CPU
		{D08A1AF9-3A3E-45AD-813F-F3D5B84D6374}.Release|Any CPU.ActiveCfg = Release|Any CPU
		{D08A1AF9-3A3E-45AD-813F-F3D5B84D6374}.Release|Any CPU.Build.0 = Release|Any CPU
		{E3289791-0E0B-4D3E-AABA-88F136C96F8F}.Debug|Any CPU.ActiveCfg = Debug|Any CPU
		{E3289791-0E0B-4D3E-AABA-88F136C96F8F}.Debug|Any CPU.Build.0 = Debug|Any CPU
		{E3289791-0E0B-4D3E-AABA-88F136C96F8F}.Release|Any CPU.ActiveCfg = Release|Any CPU
		{E3289791-0E0B-4D3E-AABA-88F136C96F8F}.Release|Any CPU.Build.0 = Release|Any CPU
		{9BCEAF38-7B7E-48B0-B173-1FE5F1EC9098}.Debug|Any CPU.ActiveCfg = Debug|Any CPU
		{9BCEAF38-7B7E-48B0-B173-1FE5F1EC9098}.Debug|Any CPU.Build.0 = Debug|Any CPU
		{9BCEAF38-7B7E-48B0-B173-1FE5F1EC9098}.Release|Any CPU.ActiveCfg = Release|Any CPU
		{9BCEAF38-7B7E-48B0-B173-1FE5F1EC9098}.Release|Any CPU.Build.0 = Release|Any CPU
		{D427A563-CC40-4F74-8570-E95BF9C844F3}.Debug|Any CPU.ActiveCfg = Debug|Any CPU
		{D427A563-CC40-4F74-8570-E95BF9C844F3}.Debug|Any CPU.Build.0 = Debug|Any CPU
		{D427A563-CC40-4F74-8570-E95BF9C844F3}.Release|Any CPU.ActiveCfg = Release|Any CPU
		{D427A563-CC40-4F74-8570-E95BF9C844F3}.Release|Any CPU.Build.0 = Release|Any CPU
		{AD5A6459-C552-4A21-B2C5-68DA75E5983A}.Debug|Any CPU.ActiveCfg = Debug|Any CPU
		{AD5A6459-C552-4A21-B2C5-68DA75E5983A}.Debug|Any CPU.Build.0 = Debug|Any CPU
		{AD5A6459-C552-4A21-B2C5-68DA75E5983A}.Release|Any CPU.ActiveCfg = Release|Any CPU
		{AD5A6459-C552-4A21-B2C5-68DA75E5983A}.Release|Any CPU.Build.0 = Release|Any CPU
		{9E82A6DC-4DC6-4990-A20C-61CAA1BF100D}.Debug|Any CPU.ActiveCfg = Debug|Any CPU
		{9E82A6DC-4DC6-4990-A20C-61CAA1BF100D}.Debug|Any CPU.Build.0 = Debug|Any CPU
		{9E82A6DC-4DC6-4990-A20C-61CAA1BF100D}.Release|Any CPU.ActiveCfg = Release|Any CPU
		{9E82A6DC-4DC6-4990-A20C-61CAA1BF100D}.Release|Any CPU.Build.0 = Release|Any CPU
		{9DD7AAFF-B4EE-4DD7-815E-DAAD08D2E324}.Debug|Any CPU.ActiveCfg = Debug|Any CPU
		{9DD7AAFF-B4EE-4DD7-815E-DAAD08D2E324}.Debug|Any CPU.Build.0 = Debug|Any CPU
		{9DD7AAFF-B4EE-4DD7-815E-DAAD08D2E324}.Release|Any CPU.ActiveCfg = Release|Any CPU
		{9DD7AAFF-B4EE-4DD7-815E-DAAD08D2E324}.Release|Any CPU.Build.0 = Release|Any CPU
		{F4B5EB12-7B56-42B1-A58A-0371DFD98050}.Debug|Any CPU.ActiveCfg = Debug|Any CPU
		{F4B5EB12-7B56-42B1-A58A-0371DFD98050}.Debug|Any CPU.Build.0 = Debug|Any CPU
		{F4B5EB12-7B56-42B1-A58A-0371DFD98050}.Release|Any CPU.ActiveCfg = Release|Any CPU
		{F4B5EB12-7B56-42B1-A58A-0371DFD98050}.Release|Any CPU.Build.0 = Release|Any CPU
	EndGlobalSection
	GlobalSection(SolutionProperties) = preSolution
		HideSolutionNode = FALSE
	EndGlobalSection
	GlobalSection(NestedProjects) = preSolution
		{6FC97A9F-B210-4C9B-BAAE-F66FC43E562A} = {325CDA6E-69C2-49C9-94D0-1B11DF2AE8DF}
		{01CB2B91-EF83-4244-A429-218DB6A091F6} = {325CDA6E-69C2-49C9-94D0-1B11DF2AE8DF}
		{A5C2FBF6-02B0-403A-9F3D-F1632D58F382} = {325CDA6E-69C2-49C9-94D0-1B11DF2AE8DF}
		{1DFFC2CC-8490-4893-B4C5-C657E69BCE6A} = {325CDA6E-69C2-49C9-94D0-1B11DF2AE8DF}
		{E1EEFF66-69DE-4F5A-9895-D8FC7E50FC1C} = {325CDA6E-69C2-49C9-94D0-1B11DF2AE8DF}
		{5076CF34-A43E-4C2F-AA90-CAB7C96899BE} = {325CDA6E-69C2-49C9-94D0-1B11DF2AE8DF}
		{2AD54526-0B92-431E-ABB4-7A05FA4FBD04} = {1A1D795D-7021-4036-85CA-2AAD1159DCAA}
		{434A9535-DA4B-49B6-923E-DD64FF9F75F3} = {1A1D795D-7021-4036-85CA-2AAD1159DCAA}
		{F1023439-819C-4D18-9424-E821929EBDC8} = {1A1D795D-7021-4036-85CA-2AAD1159DCAA}
		{D08A1AF9-3A3E-45AD-813F-F3D5B84D6374} = {1A1D795D-7021-4036-85CA-2AAD1159DCAA}
		{E3289791-0E0B-4D3E-AABA-88F136C96F8F} = {1A1D795D-7021-4036-85CA-2AAD1159DCAA}
		{9BCEAF38-7B7E-48B0-B173-1FE5F1EC9098} = {1A1D795D-7021-4036-85CA-2AAD1159DCAA}
		{D427A563-CC40-4F74-8570-E95BF9C844F3} = {1A1D795D-7021-4036-85CA-2AAD1159DCAA}
		{AD5A6459-C552-4A21-B2C5-68DA75E5983A} = {C6E9600F-7087-4450-8C12-094D8438DB11}
		{9E82A6DC-4DC6-4990-A20C-61CAA1BF100D} = {C6E9600F-7087-4450-8C12-094D8438DB11}
		{9DD7AAFF-B4EE-4DD7-815E-DAAD08D2E324} = {325CDA6E-69C2-49C9-94D0-1B11DF2AE8DF}
		{F4B5EB12-7B56-42B1-A58A-0371DFD98050} = {C6E9600F-7087-4450-8C12-094D8438DB11}
	EndGlobalSection
EndGlobal
