
Microsoft Visual Studio Solution File, Format Version 12.00
# Visual Studio 2012
Project("{2150E333-8FDC-42A3-9474-1A3956D46DE8}") = "Tasks", "Tasks", "{1A1D795D-7021-4036-85CA-2AAD1159DCAA}"
EndProject
Project("{2150E333-8FDC-42A3-9474-1A3956D46DE8}") = "Threads", "Threads", "{325CDA6E-69C2-49C9-94D0-1B11DF2AE8DF}"
EndProject
Project("{2150E333-8FDC-42A3-9474-1A3956D46DE8}") = "Parallel", "Parallel", "{C6E9600F-7087-4450-8C12-094D8438DB11}"
EndProject
Project("{FAE04EC0-301F-11D3-BF4B-00C04F79EFBC}") = "Example1.1", "Objective1.1\Example1.1\Example1.1.csproj", "{9DD7AAFF-B4EE-4DD7-815E-DAAD08D2E324}"
EndProject
Project("{FAE04EC0-301F-11D3-BF4B-00C04F79EFBC}") = "Example1.2", "Objective1.1\Example1.2\Example1.2.csproj", "{6FC97A9F-B210-4C9B-BAAE-F66FC43E562A}"
EndProject
Project("{FAE04EC0-301F-11D3-BF4B-00C04F79EFBC}") = "Example1.3", "Objective1.1\Example1.3\Example1.3.csproj", "{01CB2B91-EF83-4244-A429-218DB6A091F6}"
EndProject
Project("{FAE04EC0-301F-11D3-BF4B-00C04F79EFBC}") = "Example1.4", "Objective1.1\Example1.4\Example1.4.csproj", "{A5C2FBF6-02B0-403A-9F3D-F1632D58F382}"
EndProject
Project("{FAE04EC0-301F-11D3-BF4B-00C04F79EFBC}") = "Example1.5", "Objective1.1\Example1.5\Example1.5.csproj", "{1DFFC2CC-8490-4893-B4C5-C657E69BCE6A}"
EndProject
Project("{FAE04EC0-301F-11D3-BF4B-00C04F79EFBC}") = "Example1.6", "Objective1.1\Example1.6\Example1.6.csproj", "{E1EEFF66-69DE-4F5A-9895-D8FC7E50FC1C}"
EndProject
Project("{FAE04EC0-301F-11D3-BF4B-00C04F79EFBC}") = "Example1.7", "Objective1.1\Example1.7\Example1.7.csproj", "{5076CF34-A43E-4C2F-AA90-CAB7C96899BE}"
EndProject
Project("{FAE04EC0-301F-11D3-BF4B-00C04F79EFBC}") = "Example1.8", "Objective1.1\Example1.8\Example1.8.csproj", "{2AD54526-0B92-431E-ABB4-7A05FA4FBD04}"
EndProject
Project("{FAE04EC0-301F-11D3-BF4B-00C04F79EFBC}") = "Example1.11", "Objective1.1\Example1.11\Example1.11.csproj", "{F1023439-819C-4D18-9424-E821929EBDC8}"
EndProject
Project("{FAE04EC0-301F-11D3-BF4B-00C04F79EFBC}") = "Example1.12", "Objective1.1\Example1.12\Example1.12.csproj", "{D08A1AF9-3A3E-45AD-813F-F3D5B84D6374}"
EndProject
Project("{FAE04EC0-301F-11D3-BF4B-00C04F79EFBC}") = "Example1.13", "Objective1.1\Example1.13\Example1.13.csproj", "{E3289791-0E0B-4D3E-AABA-88F136C96F8F}"
EndProject
Project("{FAE04EC0-301F-11D3-BF4B-00C04F79EFBC}") = "Example1.14", "Objective1.1\Example1.14\Example1.14.csproj", "{9BCEAF38-7B7E-48B0-B173-1FE5F1EC9098}"
EndProject
Project("{FAE04EC0-301F-11D3-BF4B-00C04F79EFBC}") = "Example1.15", "Objective1.1\Example1.15\Example1.15.csproj", "{D427A563-CC40-4F74-8570-E95BF9C844F3}"
EndProject
Project("{FAE04EC0-301F-11D3-BF4B-00C04F79EFBC}") = "Example1.9_1.10", "Objective1.1\Example1.9_1.10\Example1.9_1.10.csproj", "{434A9535-DA4B-49B6-923E-DD64FF9F75F3}"
EndProject
Project("{FAE04EC0-301F-11D3-BF4B-00C04F79EFBC}") = "Example1.16_1.17", "Objective1.1\Example1.16_1.17\Example1.16_1.17.csproj", "{AD5A6459-C552-4A21-B2C5-68DA75E5983A}"
EndProject
Project("{FAE04EC0-301F-11D3-BF4B-00C04F79EFBC}") = "Example1.18", "Objective1.1\Example1.18\Example1.18.csproj", "{9E82A6DC-4DC6-4990-A20C-61CAA1BF100D}"
EndProject
Project("{FAE04EC0-301F-11D3-BF4B-00C04F79EFBC}") = "Example1.19", "Objective1.1\Example1.19\Example1.19.csproj", "{F4B5EB12-7B56-42B1-A58A-0371DFD98050}"
EndProject
Project("{FAE04EC0-301F-11D3-BF4B-00C04F79EFBC}") = "Example1.20", "Objective1.1\Example1.20\Example1.20.csproj", "{67F05ED8-A22A-4288-8B54-716EB94BBF0F}"
EndProject
Project("{FAE04EC0-301F-11D3-BF4B-00C04F79EFBC}") = "Example1.21", "Objective1.1\Example1.21\Example1.21.csproj", "{0B415D6E-0DA2-4EE1-BC60-590E16711049}"
EndProject
Project("{FAE04EC0-301F-11D3-BF4B-00C04F79EFBC}") = "Example1.22", "Objective1.1\Example1.22\Example1.22.csproj", "{DB8BF55F-52F9-46D3-8CA5-AD19C1C1853E}"
EndProject
Project("{FAE04EC0-301F-11D3-BF4B-00C04F79EFBC}") = "Example1.23_24_25_26", "Objective1.1\Example1.23_24_25_26\Example1.23_24_25_26.csproj", "{AEDE3016-E149-4D23-B384-F81A85DB29F8}"
EndProject
Project("{FAE04EC0-301F-11D3-BF4B-00C04F79EFBC}") = "Example1.27", "Objective1.1\Example1.27\Example1.27.csproj", "{BE535B5C-3FB1-4308-9D3A-244E0EC52077}"
EndProject
Project("{FAE04EC0-301F-11D3-BF4B-00C04F79EFBC}") = "Example1.28", "Objective1.1\Example1.28\Example1.28.csproj", "{0E1B54FF-A137-4D12-ABD4-8214C1B3B921}"
EndProject
Project("{FAE04EC0-301F-11D3-BF4B-00C04F79EFBC}") = "Example1.29", "Objective1.1\Example1.29\Example1.29.csproj", "{FE087D9B-DEDA-4FC7-88CE-98ED24E5C2C5}"
EndProject
Project("{FAE04EC0-301F-11D3-BF4B-00C04F79EFBC}") = "Example1.30", "Objective1.1\Example1.30\Example1.30.csproj", "{61439815-8EA9-4421-AD69-16C321AC052F}"
EndProject
Project("{FAE04EC0-301F-11D3-BF4B-00C04F79EFBC}") = "Example1.31", "Objective1.1\Example1.31\Example1.31.csproj", "{CBFAA9D8-0AEB-4C53-9EE0-FB064E4B1765}"
EndProject
Project("{FAE04EC0-301F-11D3-BF4B-00C04F79EFBC}") = "Example1.32", "Objective1.1\Example1.32\Example1.32.csproj", "{58EE3F70-CD88-493E-80F8-E9E5B4C70189}"
EndProject
Project("{FAE04EC0-301F-11D3-BF4B-00C04F79EFBC}") = "Example1.33", "Objective1.1\Example1.33\Example1.33.csproj", "{E73B63E9-0AAB-4F75-AA11-61EB3C3D3003}"
EndProject
Project("{FAE04EC0-301F-11D3-BF4B-00C04F79EFBC}") = "Example1.34", "Objective1.1\Example1.34\Example1.34.csproj", "{BF8B955D-A752-48E4-A9D0-D05769764FC6}"
EndProject
Global
	GlobalSection(SolutionConfigurationPlatforms) = preSolution
		Debug|Any CPU = Debug|Any CPU
		Release|Any CPU = Release|Any CPU
	EndGlobalSection
	GlobalSection(ProjectConfigurationPlatforms) = postSolution
		{9DD7AAFF-B4EE-4DD7-815E-DAAD08D2E324}.Debug|Any CPU.ActiveCfg = Debug|Any CPU
		{9DD7AAFF-B4EE-4DD7-815E-DAAD08D2E324}.Debug|Any CPU.Build.0 = Debug|Any CPU
		{9DD7AAFF-B4EE-4DD7-815E-DAAD08D2E324}.Release|Any CPU.ActiveCfg = Release|Any CPU
		{9DD7AAFF-B4EE-4DD7-815E-DAAD08D2E324}.Release|Any CPU.Build.0 = Release|Any CPU
		{6FC97A9F-B210-4C9B-BAAE-F66FC43E562A}.Debug|Any CPU.ActiveCfg = Debug|Any CPU
		{6FC97A9F-B210-4C9B-BAAE-F66FC43E562A}.Debug|Any CPU.Build.0 = Debug|Any CPU
		{6FC97A9F-B210-4C9B-BAAE-F66FC43E562A}.Release|Any CPU.ActiveCfg = Release|Any CPU
		{6FC97A9F-B210-4C9B-BAAE-F66FC43E562A}.Release|Any CPU.Build.0 = Release|Any CPU
		{01CB2B91-EF83-4244-A429-218DB6A091F6}.Debug|Any CPU.ActiveCfg = Debug|Any CPU
		{01CB2B91-EF83-4244-A429-218DB6A091F6}.Debug|Any CPU.Build.0 = Debug|Any CPU
		{01CB2B91-EF83-4244-A429-218DB6A091F6}.Release|Any CPU.ActiveCfg = Release|Any CPU
		{01CB2B91-EF83-4244-A429-218DB6A091F6}.Release|Any CPU.Build.0 = Release|Any CPU
		{A5C2FBF6-02B0-403A-9F3D-F1632D58F382}.Debug|Any CPU.ActiveCfg = Debug|Any CPU
		{A5C2FBF6-02B0-403A-9F3D-F1632D58F382}.Debug|Any CPU.Build.0 = Debug|Any CPU
		{A5C2FBF6-02B0-403A-9F3D-F1632D58F382}.Release|Any CPU.ActiveCfg = Release|Any CPU
		{A5C2FBF6-02B0-403A-9F3D-F1632D58F382}.Release|Any CPU.Build.0 = Release|Any CPU
		{1DFFC2CC-8490-4893-B4C5-C657E69BCE6A}.Debug|Any CPU.ActiveCfg = Debug|Any CPU
		{1DFFC2CC-8490-4893-B4C5-C657E69BCE6A}.Debug|Any CPU.Build.0 = Debug|Any CPU
		{1DFFC2CC-8490-4893-B4C5-C657E69BCE6A}.Release|Any CPU.ActiveCfg = Release|Any CPU
		{1DFFC2CC-8490-4893-B4C5-C657E69BCE6A}.Release|Any CPU.Build.0 = Release|Any CPU
		{E1EEFF66-69DE-4F5A-9895-D8FC7E50FC1C}.Debug|Any CPU.ActiveCfg = Debug|Any CPU
		{E1EEFF66-69DE-4F5A-9895-D8FC7E50FC1C}.Debug|Any CPU.Build.0 = Debug|Any CPU
		{E1EEFF66-69DE-4F5A-9895-D8FC7E50FC1C}.Release|Any CPU.ActiveCfg = Release|Any CPU
		{E1EEFF66-69DE-4F5A-9895-D8FC7E50FC1C}.Release|Any CPU.Build.0 = Release|Any CPU
		{5076CF34-A43E-4C2F-AA90-CAB7C96899BE}.Debug|Any CPU.ActiveCfg = Debug|Any CPU
		{5076CF34-A43E-4C2F-AA90-CAB7C96899BE}.Debug|Any CPU.Build.0 = Debug|Any CPU
		{5076CF34-A43E-4C2F-AA90-CAB7C96899BE}.Release|Any CPU.ActiveCfg = Release|Any CPU
		{5076CF34-A43E-4C2F-AA90-CAB7C96899BE}.Release|Any CPU.Build.0 = Release|Any CPU
		{2AD54526-0B92-431E-ABB4-7A05FA4FBD04}.Debug|Any CPU.ActiveCfg = Debug|Any CPU
		{2AD54526-0B92-431E-ABB4-7A05FA4FBD04}.Debug|Any CPU.Build.0 = Debug|Any CPU
		{2AD54526-0B92-431E-ABB4-7A05FA4FBD04}.Release|Any CPU.ActiveCfg = Release|Any CPU
		{2AD54526-0B92-431E-ABB4-7A05FA4FBD04}.Release|Any CPU.Build.0 = Release|Any CPU
		{F1023439-819C-4D18-9424-E821929EBDC8}.Debug|Any CPU.ActiveCfg = Debug|Any CPU
		{F1023439-819C-4D18-9424-E821929EBDC8}.Debug|Any CPU.Build.0 = Debug|Any CPU
		{F1023439-819C-4D18-9424-E821929EBDC8}.Release|Any CPU.ActiveCfg = Release|Any CPU
		{F1023439-819C-4D18-9424-E821929EBDC8}.Release|Any CPU.Build.0 = Release|Any CPU
		{D08A1AF9-3A3E-45AD-813F-F3D5B84D6374}.Debug|Any CPU.ActiveCfg = Debug|Any CPU
		{D08A1AF9-3A3E-45AD-813F-F3D5B84D6374}.Debug|Any CPU.Build.0 = Debug|Any CPU
		{D08A1AF9-3A3E-45AD-813F-F3D5B84D6374}.Release|Any CPU.ActiveCfg = Release|Any CPU
		{D08A1AF9-3A3E-45AD-813F-F3D5B84D6374}.Release|Any CPU.Build.0 = Release|Any CPU
		{E3289791-0E0B-4D3E-AABA-88F136C96F8F}.Debug|Any CPU.ActiveCfg = Debug|Any CPU
		{E3289791-0E0B-4D3E-AABA-88F136C96F8F}.Debug|Any CPU.Build.0 = Debug|Any CPU
		{E3289791-0E0B-4D3E-AABA-88F136C96F8F}.Release|Any CPU.ActiveCfg = Release|Any CPU
		{E3289791-0E0B-4D3E-AABA-88F136C96F8F}.Release|Any CPU.Build.0 = Release|Any CPU
		{9BCEAF38-7B7E-48B0-B173-1FE5F1EC9098}.Debug|Any CPU.ActiveCfg = Debug|Any CPU
		{9BCEAF38-7B7E-48B0-B173-1FE5F1EC9098}.Debug|Any CPU.Build.0 = Debug|Any CPU
		{9BCEAF38-7B7E-48B0-B173-1FE5F1EC9098}.Release|Any CPU.ActiveCfg = Release|Any CPU
		{9BCEAF38-7B7E-48B0-B173-1FE5F1EC9098}.Release|Any CPU.Build.0 = Release|Any CPU
		{D427A563-CC40-4F74-8570-E95BF9C844F3}.Debug|Any CPU.ActiveCfg = Debug|Any CPU
		{D427A563-CC40-4F74-8570-E95BF9C844F3}.Debug|Any CPU.Build.0 = Debug|Any CPU
		{D427A563-CC40-4F74-8570-E95BF9C844F3}.Release|Any CPU.ActiveCfg = Release|Any CPU
		{D427A563-CC40-4F74-8570-E95BF9C844F3}.Release|Any CPU.Build.0 = Release|Any CPU
		{434A9535-DA4B-49B6-923E-DD64FF9F75F3}.Debug|Any CPU.ActiveCfg = Debug|Any CPU
		{434A9535-DA4B-49B6-923E-DD64FF9F75F3}.Debug|Any CPU.Build.0 = Debug|Any CPU
		{434A9535-DA4B-49B6-923E-DD64FF9F75F3}.Release|Any CPU.ActiveCfg = Release|Any CPU
		{434A9535-DA4B-49B6-923E-DD64FF9F75F3}.Release|Any CPU.Build.0 = Release|Any CPU
		{AD5A6459-C552-4A21-B2C5-68DA75E5983A}.Debug|Any CPU.ActiveCfg = Debug|Any CPU
		{AD5A6459-C552-4A21-B2C5-68DA75E5983A}.Debug|Any CPU.Build.0 = Debug|Any CPU
		{AD5A6459-C552-4A21-B2C5-68DA75E5983A}.Release|Any CPU.ActiveCfg = Release|Any CPU
		{AD5A6459-C552-4A21-B2C5-68DA75E5983A}.Release|Any CPU.Build.0 = Release|Any CPU
		{9E82A6DC-4DC6-4990-A20C-61CAA1BF100D}.Debug|Any CPU.ActiveCfg = Debug|Any CPU
		{9E82A6DC-4DC6-4990-A20C-61CAA1BF100D}.Debug|Any CPU.Build.0 = Debug|Any CPU
		{9E82A6DC-4DC6-4990-A20C-61CAA1BF100D}.Release|Any CPU.ActiveCfg = Release|Any CPU
		{9E82A6DC-4DC6-4990-A20C-61CAA1BF100D}.Release|Any CPU.Build.0 = Release|Any CPU
		{F4B5EB12-7B56-42B1-A58A-0371DFD98050}.Debug|Any CPU.ActiveCfg = Debug|Any CPU
		{F4B5EB12-7B56-42B1-A58A-0371DFD98050}.Debug|Any CPU.Build.0 = Debug|Any CPU
		{F4B5EB12-7B56-42B1-A58A-0371DFD98050}.Release|Any CPU.ActiveCfg = Release|Any CPU
		{F4B5EB12-7B56-42B1-A58A-0371DFD98050}.Release|Any CPU.Build.0 = Release|Any CPU
		{67F05ED8-A22A-4288-8B54-716EB94BBF0F}.Debug|Any CPU.ActiveCfg = Debug|Any CPU
		{67F05ED8-A22A-4288-8B54-716EB94BBF0F}.Debug|Any CPU.Build.0 = Debug|Any CPU
		{67F05ED8-A22A-4288-8B54-716EB94BBF0F}.Release|Any CPU.ActiveCfg = Release|Any CPU
		{67F05ED8-A22A-4288-8B54-716EB94BBF0F}.Release|Any CPU.Build.0 = Release|Any CPU
		{0B415D6E-0DA2-4EE1-BC60-590E16711049}.Debug|Any CPU.ActiveCfg = Debug|Any CPU
		{0B415D6E-0DA2-4EE1-BC60-590E16711049}.Debug|Any CPU.Build.0 = Debug|Any CPU
		{0B415D6E-0DA2-4EE1-BC60-590E16711049}.Release|Any CPU.ActiveCfg = Release|Any CPU
		{0B415D6E-0DA2-4EE1-BC60-590E16711049}.Release|Any CPU.Build.0 = Release|Any CPU
		{DB8BF55F-52F9-46D3-8CA5-AD19C1C1853E}.Debug|Any CPU.ActiveCfg = Debug|Any CPU
		{DB8BF55F-52F9-46D3-8CA5-AD19C1C1853E}.Debug|Any CPU.Build.0 = Debug|Any CPU
		{DB8BF55F-52F9-46D3-8CA5-AD19C1C1853E}.Release|Any CPU.ActiveCfg = Release|Any CPU
		{DB8BF55F-52F9-46D3-8CA5-AD19C1C1853E}.Release|Any CPU.Build.0 = Release|Any CPU
		{AEDE3016-E149-4D23-B384-F81A85DB29F8}.Debug|Any CPU.ActiveCfg = Debug|Any CPU
		{AEDE3016-E149-4D23-B384-F81A85DB29F8}.Debug|Any CPU.Build.0 = Debug|Any CPU
		{AEDE3016-E149-4D23-B384-F81A85DB29F8}.Release|Any CPU.ActiveCfg = Release|Any CPU
		{AEDE3016-E149-4D23-B384-F81A85DB29F8}.Release|Any CPU.Build.0 = Release|Any CPU
		{BE535B5C-3FB1-4308-9D3A-244E0EC52077}.Debug|Any CPU.ActiveCfg = Debug|Any CPU
		{BE535B5C-3FB1-4308-9D3A-244E0EC52077}.Debug|Any CPU.Build.0 = Debug|Any CPU
		{BE535B5C-3FB1-4308-9D3A-244E0EC52077}.Release|Any CPU.ActiveCfg = Release|Any CPU
		{BE535B5C-3FB1-4308-9D3A-244E0EC52077}.Release|Any CPU.Build.0 = Release|Any CPU
		{0E1B54FF-A137-4D12-ABD4-8214C1B3B921}.Debug|Any CPU.ActiveCfg = Debug|Any CPU
		{0E1B54FF-A137-4D12-ABD4-8214C1B3B921}.Debug|Any CPU.Build.0 = Debug|Any CPU
		{0E1B54FF-A137-4D12-ABD4-8214C1B3B921}.Release|Any CPU.ActiveCfg = Release|Any CPU
		{0E1B54FF-A137-4D12-ABD4-8214C1B3B921}.Release|Any CPU.Build.0 = Release|Any CPU
		{FE087D9B-DEDA-4FC7-88CE-98ED24E5C2C5}.Debug|Any CPU.ActiveCfg = Debug|Any CPU
		{FE087D9B-DEDA-4FC7-88CE-98ED24E5C2C5}.Debug|Any CPU.Build.0 = Debug|Any CPU
		{FE087D9B-DEDA-4FC7-88CE-98ED24E5C2C5}.Release|Any CPU.ActiveCfg = Release|Any CPU
		{FE087D9B-DEDA-4FC7-88CE-98ED24E5C2C5}.Release|Any CPU.Build.0 = Release|Any CPU
		{61439815-8EA9-4421-AD69-16C321AC052F}.Debug|Any CPU.ActiveCfg = Debug|Any CPU
		{61439815-8EA9-4421-AD69-16C321AC052F}.Debug|Any CPU.Build.0 = Debug|Any CPU
		{61439815-8EA9-4421-AD69-16C321AC052F}.Release|Any CPU.ActiveCfg = Release|Any CPU
		{61439815-8EA9-4421-AD69-16C321AC052F}.Release|Any CPU.Build.0 = Release|Any CPU
		{CBFAA9D8-0AEB-4C53-9EE0-FB064E4B1765}.Debug|Any CPU.ActiveCfg = Debug|Any CPU
		{CBFAA9D8-0AEB-4C53-9EE0-FB064E4B1765}.Debug|Any CPU.Build.0 = Debug|Any CPU
		{CBFAA9D8-0AEB-4C53-9EE0-FB064E4B1765}.Release|Any CPU.ActiveCfg = Release|Any CPU
		{CBFAA9D8-0AEB-4C53-9EE0-FB064E4B1765}.Release|Any CPU.Build.0 = Release|Any CPU
		{58EE3F70-CD88-493E-80F8-E9E5B4C70189}.Debug|Any CPU.ActiveCfg = Debug|Any CPU
		{58EE3F70-CD88-493E-80F8-E9E5B4C70189}.Debug|Any CPU.Build.0 = Debug|Any CPU
		{58EE3F70-CD88-493E-80F8-E9E5B4C70189}.Release|Any CPU.ActiveCfg = Release|Any CPU
		{58EE3F70-CD88-493E-80F8-E9E5B4C70189}.Release|Any CPU.Build.0 = Release|Any CPU
		{E73B63E9-0AAB-4F75-AA11-61EB3C3D3003}.Debug|Any CPU.ActiveCfg = Debug|Any CPU
		{E73B63E9-0AAB-4F75-AA11-61EB3C3D3003}.Debug|Any CPU.Build.0 = Debug|Any CPU
		{E73B63E9-0AAB-4F75-AA11-61EB3C3D3003}.Release|Any CPU.ActiveCfg = Release|Any CPU
		{E73B63E9-0AAB-4F75-AA11-61EB3C3D3003}.Release|Any CPU.Build.0 = Release|Any CPU
		{BF8B955D-A752-48E4-A9D0-D05769764FC6}.Debug|Any CPU.ActiveCfg = Debug|Any CPU
		{BF8B955D-A752-48E4-A9D0-D05769764FC6}.Debug|Any CPU.Build.0 = Debug|Any CPU
		{BF8B955D-A752-48E4-A9D0-D05769764FC6}.Release|Any CPU.ActiveCfg = Release|Any CPU
		{BF8B955D-A752-48E4-A9D0-D05769764FC6}.Release|Any CPU.Build.0 = Release|Any CPU
	EndGlobalSection
	GlobalSection(SolutionProperties) = preSolution
		HideSolutionNode = FALSE
	EndGlobalSection
	GlobalSection(NestedProjects) = preSolution
		{9DD7AAFF-B4EE-4DD7-815E-DAAD08D2E324} = {325CDA6E-69C2-49C9-94D0-1B11DF2AE8DF}
		{6FC97A9F-B210-4C9B-BAAE-F66FC43E562A} = {325CDA6E-69C2-49C9-94D0-1B11DF2AE8DF}
		{01CB2B91-EF83-4244-A429-218DB6A091F6} = {325CDA6E-69C2-49C9-94D0-1B11DF2AE8DF}
		{A5C2FBF6-02B0-403A-9F3D-F1632D58F382} = {325CDA6E-69C2-49C9-94D0-1B11DF2AE8DF}
		{1DFFC2CC-8490-4893-B4C5-C657E69BCE6A} = {325CDA6E-69C2-49C9-94D0-1B11DF2AE8DF}
		{E1EEFF66-69DE-4F5A-9895-D8FC7E50FC1C} = {325CDA6E-69C2-49C9-94D0-1B11DF2AE8DF}
		{5076CF34-A43E-4C2F-AA90-CAB7C96899BE} = {325CDA6E-69C2-49C9-94D0-1B11DF2AE8DF}
		{2AD54526-0B92-431E-ABB4-7A05FA4FBD04} = {1A1D795D-7021-4036-85CA-2AAD1159DCAA}
		{F1023439-819C-4D18-9424-E821929EBDC8} = {1A1D795D-7021-4036-85CA-2AAD1159DCAA}
		{D08A1AF9-3A3E-45AD-813F-F3D5B84D6374} = {1A1D795D-7021-4036-85CA-2AAD1159DCAA}
		{E3289791-0E0B-4D3E-AABA-88F136C96F8F} = {1A1D795D-7021-4036-85CA-2AAD1159DCAA}
		{9BCEAF38-7B7E-48B0-B173-1FE5F1EC9098} = {1A1D795D-7021-4036-85CA-2AAD1159DCAA}
		{D427A563-CC40-4F74-8570-E95BF9C844F3} = {1A1D795D-7021-4036-85CA-2AAD1159DCAA}
		{434A9535-DA4B-49B6-923E-DD64FF9F75F3} = {1A1D795D-7021-4036-85CA-2AAD1159DCAA}
		{AD5A6459-C552-4A21-B2C5-68DA75E5983A} = {C6E9600F-7087-4450-8C12-094D8438DB11}
		{9E82A6DC-4DC6-4990-A20C-61CAA1BF100D} = {C6E9600F-7087-4450-8C12-094D8438DB11}
		{F4B5EB12-7B56-42B1-A58A-0371DFD98050} = {C6E9600F-7087-4450-8C12-094D8438DB11}
		{67F05ED8-A22A-4288-8B54-716EB94BBF0F} = {C6E9600F-7087-4450-8C12-094D8438DB11}
		{0B415D6E-0DA2-4EE1-BC60-590E16711049} = {C6E9600F-7087-4450-8C12-094D8438DB11}
		{DB8BF55F-52F9-46D3-8CA5-AD19C1C1853E} = {C6E9600F-7087-4450-8C12-094D8438DB11}
		{AEDE3016-E149-4D23-B384-F81A85DB29F8} = {C6E9600F-7087-4450-8C12-094D8438DB11}
		{BE535B5C-3FB1-4308-9D3A-244E0EC52077} = {C6E9600F-7087-4450-8C12-094D8438DB11}
		{0E1B54FF-A137-4D12-ABD4-8214C1B3B921} = {C6E9600F-7087-4450-8C12-094D8438DB11}
		{FE087D9B-DEDA-4FC7-88CE-98ED24E5C2C5} = {C6E9600F-7087-4450-8C12-094D8438DB11}
		{61439815-8EA9-4421-AD69-16C321AC052F} = {C6E9600F-7087-4450-8C12-094D8438DB11}
		{CBFAA9D8-0AEB-4C53-9EE0-FB064E4B1765} = {C6E9600F-7087-4450-8C12-094D8438DB11}
		{58EE3F70-CD88-493E-80F8-E9E5B4C70189} = {C6E9600F-7087-4450-8C12-094D8438DB11}
		{E73B63E9-0AAB-4F75-AA11-61EB3C3D3003} = {C6E9600F-7087-4450-8C12-094D8438DB11}
		{BF8B955D-A752-48E4-A9D0-D05769764FC6} = {C6E9600F-7087-4450-8C12-094D8438DB11}
	EndGlobalSection
EndGlobal
